// !$*UTF8*$!
{
	archiveVersion = 1;
	classes = {
	};
	objectVersion = 46;
	objects = {

/* Begin PBXBuildFile section */
		A429C760181773CD0037666D /* ShowListEventArgs.m in Sources */ = {isa = PBXBuildFile; fileRef = A429C75F181773CD0037666D /* ShowListEventArgs.m */; };
		A429C763181775FB0037666D /* StringShowList.m in Sources */ = {isa = PBXBuildFile; fileRef = A429C762181775FB0037666D /* StringShowList.m */; };
		A43D1FEF1810C5F90067FB2B /* ParserMsg.m in Sources */ = {isa = PBXBuildFile; fileRef = A43D1FEE1810C5F90067FB2B /* ParserMsg.m */; };
		A44CB6BD1818C862006B5946 /* Functions.m in Sources */ = {isa = PBXBuildFile; fileRef = A44CB6BC1818C862006B5946 /* Functions.m */; };
		A44CB6C11818E4FE006B5946 /* VTSystemView.m in Sources */ = {isa = PBXBuildFile; fileRef = A44CB6C01818E4FE006B5946 /* VTSystemView.m */; };
		A4632034180F80E3000F9C69 /* Foundation.framework in Frameworks */ = {isa = PBXBuildFile; fileRef = A4632033180F80E3000F9C69 /* Foundation.framework */; };
		A4632036180F80E3000F9C69 /* CoreGraphics.framework in Frameworks */ = {isa = PBXBuildFile; fileRef = A4632035180F80E3000F9C69 /* CoreGraphics.framework */; };
		A4632038180F80E3000F9C69 /* UIKit.framework in Frameworks */ = {isa = PBXBuildFile; fileRef = A4632037180F80E3000F9C69 /* UIKit.framework */; };
		A463203E180F80E3000F9C69 /* InfoPlist.strings in Resources */ = {isa = PBXBuildFile; fileRef = A463203C180F80E3000F9C69 /* InfoPlist.strings */; };
		A4632040180F80E3000F9C69 /* main.m in Sources */ = {isa = PBXBuildFile; fileRef = A463203F180F80E3000F9C69 /* main.m */; };
		A4632044180F80E3000F9C69 /* SmartClinetAppDelegate.m in Sources */ = {isa = PBXBuildFile; fileRef = A4632043180F80E3000F9C69 /* SmartClinetAppDelegate.m */; };
		A4632046180F80E3000F9C69 /* Images.xcassets in Resources */ = {isa = PBXBuildFile; fileRef = A4632045180F80E3000F9C69 /* Images.xcassets */; };
		A463204D180F80E3000F9C69 /* XCTest.framework in Frameworks */ = {isa = PBXBuildFile; fileRef = A463204C180F80E3000F9C69 /* XCTest.framework */; };
		A463204E180F80E3000F9C69 /* Foundation.framework in Frameworks */ = {isa = PBXBuildFile; fileRef = A4632033180F80E3000F9C69 /* Foundation.framework */; };
		A463204F180F80E4000F9C69 /* UIKit.framework in Frameworks */ = {isa = PBXBuildFile; fileRef = A4632037180F80E3000F9C69 /* UIKit.framework */; };
		A4632057180F80E4000F9C69 /* InfoPlist.strings in Resources */ = {isa = PBXBuildFile; fileRef = A4632055180F80E4000F9C69 /* InfoPlist.strings */; };
		A4632059180F80E4000F9C69 /* SmartClientTests.m in Sources */ = {isa = PBXBuildFile; fileRef = A4632058180F80E4000F9C69 /* SmartClientTests.m */; };
		A4632065180F8114000F9C69 /* SmartClinetViewController.m in Sources */ = {isa = PBXBuildFile; fileRef = A4632063180F8114000F9C69 /* SmartClinetViewController.m */; };
		A4632066180F8114000F9C69 /* SmartClinetViewController.xib in Resources */ = {isa = PBXBuildFile; fileRef = A4632064180F8114000F9C69 /* SmartClinetViewController.xib */; };
		A4632069180F853B000F9C69 /* SettingForConnect.m in Sources */ = {isa = PBXBuildFile; fileRef = A4632068180F853B000F9C69 /* SettingForConnect.m */; };
		A463206E180FA4AB000F9C69 /* CFNetwork.framework in Frameworks */ = {isa = PBXBuildFile; fileRef = A463206D180FA4AB000F9C69 /* CFNetwork.framework */; };
		A4632079180FB7AD000F9C69 /* GCDAsyncSocket.m in Sources */ = {isa = PBXBuildFile; fileRef = A4632076180FB7AD000F9C69 /* GCDAsyncSocket.m */; };
		A463207A180FB7AD000F9C69 /* GCDAsyncUdpSocket.m in Sources */ = {isa = PBXBuildFile; fileRef = A4632078180FB7AD000F9C69 /* GCDAsyncUdpSocket.m */; };
		A463207E180FD152000F9C69 /* DefaultSettings.m in Sources */ = {isa = PBXBuildFile; fileRef = A463207D180FD152000F9C69 /* DefaultSettings.m */; };
		A4632081180FDEBB000F9C69 /* SettingStore.m in Sources */ = {isa = PBXBuildFile; fileRef = A4632080180FDEBB000F9C69 /* SettingStore.m */; };
		A47552A5181606420033D224 /* SettingForRuntime.m in Sources */ = {isa = PBXBuildFile; fileRef = A47552A4181606420033D224 /* SettingForRuntime.m */; };
		A47552A818160E460033D224 /* Mode.m in Sources */ = {isa = PBXBuildFile; fileRef = A47552A718160E460033D224 /* Mode.m */; };
		A47552AB181610E30033D224 /* Chars.m in Sources */ = {isa = PBXBuildFile; fileRef = A47552AA181610E30033D224 /* Chars.m */; };
		A47552AE181640D30033D224 /* CharAttribs.m in Sources */ = {isa = PBXBuildFile; fileRef = A47552AD181640D30033D224 /* CharAttribs.m */; };
		A47552B2181646C30033D224 /* Caret.m in Sources */ = {isa = PBXBuildFile; fileRef = A47552B1181646C30033D224 /* Caret.m */; };
		A47552B5181657E20033D224 /* CaretAttribs.m in Sources */ = {isa = PBXBuildFile; fileRef = A47552B4181657E20033D224 /* CaretAttribs.m */; };
		A4B6E406181E51D300F0A400 /* MessageBox.m in Sources */ = {isa = PBXBuildFile; fileRef = A4B6E405181E51D300F0A400 /* MessageBox.m */; };
/* End PBXBuildFile section */

/* Begin PBXContainerItemProxy section */
		A4632050180F80E4000F9C69 /* PBXContainerItemProxy */ = {
			isa = PBXContainerItemProxy;
			containerPortal = A4632028180F80E3000F9C69 /* Project object */;
			proxyType = 1;
			remoteGlobalIDString = A463202F180F80E3000F9C69;
			remoteInfo = SmartClient;
		};
/* End PBXContainerItemProxy section */

/* Begin PBXFileReference section */
		A429C75E181773CD0037666D /* ShowListEventArgs.h */ = {isa = PBXFileReference; fileEncoding = 4; lastKnownFileType = sourcecode.c.h; path = ShowListEventArgs.h; sourceTree = "<group>"; };
		A429C75F181773CD0037666D /* ShowListEventArgs.m */ = {isa = PBXFileReference; fileEncoding = 4; lastKnownFileType = sourcecode.c.objc; path = ShowListEventArgs.m; sourceTree = "<group>"; };
		A429C761181775FB0037666D /* StringShowList.h */ = {isa = PBXFileReference; fileEncoding = 4; lastKnownFileType = sourcecode.c.h; path = StringShowList.h; sourceTree = "<group>"; };
		A429C762181775FB0037666D /* StringShowList.m */ = {isa = PBXFileReference; fileEncoding = 4; lastKnownFileType = sourcecode.c.objc; path = StringShowList.m; sourceTree = "<group>"; };
		A43D1FED1810C5F90067FB2B /* ParserMsg.h */ = {isa = PBXFileReference; fileEncoding = 4; lastKnownFileType = sourcecode.c.h; path = ParserMsg.h; sourceTree = "<group>"; };
		A43D1FEE1810C5F90067FB2B /* ParserMsg.m */ = {isa = PBXFileReference; fileEncoding = 4; lastKnownFileType = sourcecode.c.objc; path = ParserMsg.m; sourceTree = "<group>"; };
		A44CB6BB1818C862006B5946 /* Functions.h */ = {isa = PBXFileReference; fileEncoding = 4; lastKnownFileType = sourcecode.c.h; path = Functions.h; sourceTree = "<group>"; };
		A44CB6BC1818C862006B5946 /* Functions.m */ = {isa = PBXFileReference; fileEncoding = 4; lastKnownFileType = sourcecode.c.objc; path = Functions.m; sourceTree = "<group>"; };
		A44CB6BF1818E4FE006B5946 /* VTSystemView.h */ = {isa = PBXFileReference; fileEncoding = 4; lastKnownFileType = sourcecode.c.h; path = VTSystemView.h; sourceTree = "<group>"; };
		A44CB6C01818E4FE006B5946 /* VTSystemView.m */ = {isa = PBXFileReference; fileEncoding = 4; lastKnownFileType = sourcecode.c.objc; path = VTSystemView.m; sourceTree = "<group>"; };
		A4632030180F80E3000F9C69 /* SmartClient.app */ = {isa = PBXFileReference; explicitFileType = wrapper.application; includeInIndex = 0; path = SmartClient.app; sourceTree = BUILT_PRODUCTS_DIR; };
		A4632033180F80E3000F9C69 /* Foundation.framework */ = {isa = PBXFileReference; lastKnownFileType = wrapper.framework; name = Foundation.framework; path = System/Library/Frameworks/Foundation.framework; sourceTree = SDKROOT; };
		A4632035180F80E3000F9C69 /* CoreGraphics.framework */ = {isa = PBXFileReference; lastKnownFileType = wrapper.framework; name = CoreGraphics.framework; path = System/Library/Frameworks/CoreGraphics.framework; sourceTree = SDKROOT; };
		A4632037180F80E3000F9C69 /* UIKit.framework */ = {isa = PBXFileReference; lastKnownFileType = wrapper.framework; name = UIKit.framework; path = System/Library/Frameworks/UIKit.framework; sourceTree = SDKROOT; };
		A463203B180F80E3000F9C69 /* SmartClient-Info.plist */ = {isa = PBXFileReference; lastKnownFileType = text.plist.xml; path = "SmartClient-Info.plist"; sourceTree = "<group>"; };
		A463203D180F80E3000F9C69 /* en */ = {isa = PBXFileReference; lastKnownFileType = text.plist.strings; name = en; path = en.lproj/InfoPlist.strings; sourceTree = "<group>"; };
		A463203F180F80E3000F9C69 /* main.m */ = {isa = PBXFileReference; lastKnownFileType = sourcecode.c.objc; path = main.m; sourceTree = "<group>"; };
		A4632041180F80E3000F9C69 /* SmartClient-Prefix.pch */ = {isa = PBXFileReference; lastKnownFileType = sourcecode.c.h; path = "SmartClient-Prefix.pch"; sourceTree = "<group>"; };
		A4632042180F80E3000F9C69 /* SmartClinetAppDelegate.h */ = {isa = PBXFileReference; lastKnownFileType = sourcecode.c.h; path = SmartClinetAppDelegate.h; sourceTree = "<group>"; };
		A4632043180F80E3000F9C69 /* SmartClinetAppDelegate.m */ = {isa = PBXFileReference; lastKnownFileType = sourcecode.c.objc; path = SmartClinetAppDelegate.m; sourceTree = "<group>"; };
		A4632045180F80E3000F9C69 /* Images.xcassets */ = {isa = PBXFileReference; lastKnownFileType = folder.assetcatalog; path = Images.xcassets; sourceTree = "<group>"; };
		A463204B180F80E3000F9C69 /* SmartClientTests.xctest */ = {isa = PBXFileReference; explicitFileType = wrapper.cfbundle; includeInIndex = 0; path = SmartClientTests.xctest; sourceTree = BUILT_PRODUCTS_DIR; };
		A463204C180F80E3000F9C69 /* XCTest.framework */ = {isa = PBXFileReference; lastKnownFileType = wrapper.framework; name = XCTest.framework; path = Library/Frameworks/XCTest.framework; sourceTree = DEVELOPER_DIR; };
		A4632054180F80E4000F9C69 /* SmartClientTests-Info.plist */ = {isa = PBXFileReference; lastKnownFileType = text.plist.xml; path = "SmartClientTests-Info.plist"; sourceTree = "<group>"; };
		A4632056180F80E4000F9C69 /* en */ = {isa = PBXFileReference; lastKnownFileType = text.plist.strings; name = en; path = en.lproj/InfoPlist.strings; sourceTree = "<group>"; };
		A4632058180F80E4000F9C69 /* SmartClientTests.m */ = {isa = PBXFileReference; lastKnownFileType = sourcecode.c.objc; path = SmartClientTests.m; sourceTree = "<group>"; };
		A4632062180F8114000F9C69 /* SmartClinetViewController.h */ = {isa = PBXFileReference; fileEncoding = 4; lastKnownFileType = sourcecode.c.h; path = SmartClinetViewController.h; sourceTree = "<group>"; };
		A4632063180F8114000F9C69 /* SmartClinetViewController.m */ = {isa = PBXFileReference; fileEncoding = 4; lastKnownFileType = sourcecode.c.objc; path = SmartClinetViewController.m; sourceTree = "<group>"; };
		A4632064180F8114000F9C69 /* SmartClinetViewController.xib */ = {isa = PBXFileReference; fileEncoding = 4; lastKnownFileType = file.xib; path = SmartClinetViewController.xib; sourceTree = "<group>"; };
		A4632067180F853B000F9C69 /* SettingForConnect.h */ = {isa = PBXFileReference; fileEncoding = 4; lastKnownFileType = sourcecode.c.h; path = SettingForConnect.h; sourceTree = "<group>"; };
		A4632068180F853B000F9C69 /* SettingForConnect.m */ = {isa = PBXFileReference; fileEncoding = 4; lastKnownFileType = sourcecode.c.objc; path = SettingForConnect.m; sourceTree = "<group>"; };
		A463206D180FA4AB000F9C69 /* CFNetwork.framework */ = {isa = PBXFileReference; lastKnownFileType = wrapper.framework; name = CFNetwork.framework; path = System/Library/Frameworks/CFNetwork.framework; sourceTree = SDKROOT; };
		A4632075180FB7AD000F9C69 /* GCDAsyncSocket.h */ = {isa = PBXFileReference; fileEncoding = 4; lastKnownFileType = sourcecode.c.h; name = GCDAsyncSocket.h; path = ../GCDAsyncSocket.h; sourceTree = "<group>"; };
		A4632076180FB7AD000F9C69 /* GCDAsyncSocket.m */ = {isa = PBXFileReference; fileEncoding = 4; lastKnownFileType = sourcecode.c.objc; name = GCDAsyncSocket.m; path = ../GCDAsyncSocket.m; sourceTree = "<group>"; };
		A4632077180FB7AD000F9C69 /* GCDAsyncUdpSocket.h */ = {isa = PBXFileReference; fileEncoding = 4; lastKnownFileType = sourcecode.c.h; name = GCDAsyncUdpSocket.h; path = ../GCDAsyncUdpSocket.h; sourceTree = "<group>"; };
		A4632078180FB7AD000F9C69 /* GCDAsyncUdpSocket.m */ = {isa = PBXFileReference; fileEncoding = 4; lastKnownFileType = sourcecode.c.objc; name = GCDAsyncUdpSocket.m; path = ../GCDAsyncUdpSocket.m; sourceTree = "<group>"; };
		A463207C180FD152000F9C69 /* DefaultSettings.h */ = {isa = PBXFileReference; fileEncoding = 4; lastKnownFileType = sourcecode.c.h; path = DefaultSettings.h; sourceTree = "<group>"; };
		A463207D180FD152000F9C69 /* DefaultSettings.m */ = {isa = PBXFileReference; fileEncoding = 4; lastKnownFileType = sourcecode.c.objc; path = DefaultSettings.m; sourceTree = "<group>"; };
		A463207F180FDEBB000F9C69 /* SettingStore.h */ = {isa = PBXFileReference; fileEncoding = 4; lastKnownFileType = sourcecode.c.h; name = SettingStore.h; path = ../SettingStore.h; sourceTree = "<group>"; };
		A4632080180FDEBB000F9C69 /* SettingStore.m */ = {isa = PBXFileReference; fileEncoding = 4; lastKnownFileType = sourcecode.c.objc; name = SettingStore.m; path = ../SettingStore.m; sourceTree = "<group>"; };
		A47552A3181606420033D224 /* SettingForRuntime.h */ = {isa = PBXFileReference; fileEncoding = 4; lastKnownFileType = sourcecode.c.h; path = SettingForRuntime.h; sourceTree = "<group>"; };
		A47552A4181606420033D224 /* SettingForRuntime.m */ = {isa = PBXFileReference; fileEncoding = 4; lastKnownFileType = sourcecode.c.objc; path = SettingForRuntime.m; sourceTree = "<group>"; };
		A47552A618160E460033D224 /* Mode.h */ = {isa = PBXFileReference; fileEncoding = 4; lastKnownFileType = sourcecode.c.h; name = Mode.h; path = SmartClient/Mode.h; sourceTree = "<group>"; };
		A47552A718160E460033D224 /* Mode.m */ = {isa = PBXFileReference; fileEncoding = 4; lastKnownFileType = sourcecode.c.objc; name = Mode.m; path = SmartClient/Mode.m; sourceTree = "<group>"; };
		A47552A9181610E30033D224 /* Chars.h */ = {isa = PBXFileReference; fileEncoding = 4; lastKnownFileType = sourcecode.c.h; name = Chars.h; path = SmartClient/Chars.h; sourceTree = "<group>"; };
		A47552AA181610E30033D224 /* Chars.m */ = {isa = PBXFileReference; fileEncoding = 4; lastKnownFileType = sourcecode.c.objc; name = Chars.m; path = SmartClient/Chars.m; sourceTree = "<group>"; };
		A47552AC181640D30033D224 /* CharAttribs.h */ = {isa = PBXFileReference; fileEncoding = 4; lastKnownFileType = sourcecode.c.h; name = CharAttribs.h; path = SmartClient/CharAttribs.h; sourceTree = "<group>"; };
		A47552AD181640D30033D224 /* CharAttribs.m */ = {isa = PBXFileReference; fileEncoding = 4; lastKnownFileType = sourcecode.c.objc; name = CharAttribs.m; path = SmartClient/CharAttribs.m; sourceTree = "<group>"; };
		A47552B0181646C30033D224 /* Caret.h */ = {isa = PBXFileReference; fileEncoding = 4; lastKnownFileType = sourcecode.c.h; path = Caret.h; sourceTree = "<group>"; };
		A47552B1181646C30033D224 /* Caret.m */ = {isa = PBXFileReference; fileEncoding = 4; lastKnownFileType = sourcecode.c.objc; path = Caret.m; sourceTree = "<group>"; };
		A47552B3181657E20033D224 /* CaretAttribs.h */ = {isa = PBXFileReference; fileEncoding = 4; lastKnownFileType = sourcecode.c.h; path = CaretAttribs.h; sourceTree = "<group>"; };
		A47552B4181657E20033D224 /* CaretAttribs.m */ = {isa = PBXFileReference; fileEncoding = 4; lastKnownFileType = sourcecode.c.objc; path = CaretAttribs.m; sourceTree = "<group>"; };
		A4B6E404181E51D300F0A400 /* MessageBox.h */ = {isa = PBXFileReference; fileEncoding = 4; lastKnownFileType = sourcecode.c.h; path = MessageBox.h; sourceTree = "<group>"; };
		A4B6E405181E51D300F0A400 /* MessageBox.m */ = {isa = PBXFileReference; fileEncoding = 4; lastKnownFileType = sourcecode.c.objc; path = MessageBox.m; sourceTree = "<group>"; };
/* End PBXFileReference section */

/* Begin PBXFrameworksBuildPhase section */
		A463202D180F80E3000F9C69 /* Frameworks */ = {
			isa = PBXFrameworksBuildPhase;
			buildActionMask = 2147483647;
			files = (
				A463206E180FA4AB000F9C69 /* CFNetwork.framework in Frameworks */,
				A4632036180F80E3000F9C69 /* CoreGraphics.framework in Frameworks */,
				A4632038180F80E3000F9C69 /* UIKit.framework in Frameworks */,
				A4632034180F80E3000F9C69 /* Foundation.framework in Frameworks */,
			);
			runOnlyForDeploymentPostprocessing = 0;
		};
		A4632048180F80E3000F9C69 /* Frameworks */ = {
			isa = PBXFrameworksBuildPhase;
			buildActionMask = 2147483647;
			files = (
				A463204D180F80E3000F9C69 /* XCTest.framework in Frameworks */,
				A463204F180F80E4000F9C69 /* UIKit.framework in Frameworks */,
				A463204E180F80E3000F9C69 /* Foundation.framework in Frameworks */,
			);
			runOnlyForDeploymentPostprocessing = 0;
		};
/* End PBXFrameworksBuildPhase section */

/* Begin PBXGroup section */
		A44CB6BE1818E4D7006B5946 /* UI */ = {
			isa = PBXGroup;
			children = (
				A44CB6BF1818E4FE006B5946 /* VTSystemView.h */,
				A44CB6C01818E4FE006B5946 /* VTSystemView.m */,
			);
			name = UI;
			sourceTree = "<group>";
		};
		A4632027180F80E3000F9C69 = {
			isa = PBXGroup;
			children = (
				A44CB6BB1818C862006B5946 /* Functions.h */,
				A44CB6BC1818C862006B5946 /* Functions.m */,
				A463207C180FD152000F9C69 /* DefaultSettings.h */,
				A463207D180FD152000F9C69 /* DefaultSettings.m */,
				A4632039180F80E3000F9C69 /* SmartClient */,
				A4632052180F80E4000F9C69 /* SmartClientTests */,
				A4632032180F80E3000F9C69 /* Frameworks */,
				A4632031180F80E3000F9C69 /* Products */,
			);
			sourceTree = "<group>";
		};
		A4632031180F80E3000F9C69 /* Products */ = {
			isa = PBXGroup;
			children = (
				A4632030180F80E3000F9C69 /* SmartClient.app */,
				A463204B180F80E3000F9C69 /* SmartClientTests.xctest */,
			);
			name = Products;
			sourceTree = "<group>";
		};
		A4632032180F80E3000F9C69 /* Frameworks */ = {
			isa = PBXGroup;
			children = (
				A463206D180FA4AB000F9C69 /* CFNetwork.framework */,
				A4632033180F80E3000F9C69 /* Foundation.framework */,
				A4632035180F80E3000F9C69 /* CoreGraphics.framework */,
				A4632037180F80E3000F9C69 /* UIKit.framework */,
				A463204C180F80E3000F9C69 /* XCTest.framework */,
			);
			name = Frameworks;
			sourceTree = "<group>";
		};
		A4632039180F80E3000F9C69 /* SmartClient */ = {
			isa = PBXGroup;
			children = (
				A44CB6BE1818E4D7006B5946 /* UI */,
				A4632042180F80E3000F9C69 /* SmartClinetAppDelegate.h */,
				A4632043180F80E3000F9C69 /* SmartClinetAppDelegate.m */,
				A4632062180F8114000F9C69 /* SmartClinetViewController.h */,
				A4632063180F8114000F9C69 /* SmartClinetViewController.m */,
				A43D1FED1810C5F90067FB2B /* ParserMsg.h */,
				A43D1FEE1810C5F90067FB2B /* ParserMsg.m */,
				A47552A3181606420033D224 /* SettingForRuntime.h */,
				A47552A4181606420033D224 /* SettingForRuntime.m */,
				A463207F180FDEBB000F9C69 /* SettingStore.h */,
				A4632080180FDEBB000F9C69 /* SettingStore.m */,
				A4632067180F853B000F9C69 /* SettingForConnect.h */,
				A4632068180F853B000F9C69 /* SettingForConnect.m */,
				A4632064180F8114000F9C69 /* SmartClinetViewController.xib */,
				A4632045180F80E3000F9C69 /* Images.xcassets */,
				A47552AF1816460E0033D224 /* SmartClientCore */,
				A463207B180FD0DF000F9C69 /* GCDAsyncSocket */,
				A463203A180F80E3000F9C69 /* Supporting Files */,
			);
			path = SmartClient;
			sourceTree = "<group>";
		};
		A463203A180F80E3000F9C69 /* Supporting Files */ = {
			isa = PBXGroup;
			children = (
				A463203B180F80E3000F9C69 /* SmartClient-Info.plist */,
				A463203C180F80E3000F9C69 /* InfoPlist.strings */,
				A463203F180F80E3000F9C69 /* main.m */,
				A4632041180F80E3000F9C69 /* SmartClient-Prefix.pch */,
			);
			name = "Supporting Files";
			sourceTree = "<group>";
		};
		A4632052180F80E4000F9C69 /* SmartClientTests */ = {
			isa = PBXGroup;
			children = (
				A4632058180F80E4000F9C69 /* SmartClientTests.m */,
				A4632053180F80E4000F9C69 /* Supporting Files */,
			);
			path = SmartClientTests;
			sourceTree = "<group>";
		};
		A4632053180F80E4000F9C69 /* Supporting Files */ = {
			isa = PBXGroup;
			children = (
				A4632054180F80E4000F9C69 /* SmartClientTests-Info.plist */,
				A4632055180F80E4000F9C69 /* InfoPlist.strings */,
			);
			name = "Supporting Files";
			sourceTree = "<group>";
		};
		A463207B180FD0DF000F9C69 /* GCDAsyncSocket */ = {
			isa = PBXGroup;
			children = (
				A4632075180FB7AD000F9C69 /* GCDAsyncSocket.h */,
				A4632076180FB7AD000F9C69 /* GCDAsyncSocket.m */,
				A4632077180FB7AD000F9C69 /* GCDAsyncUdpSocket.h */,
				A4632078180FB7AD000F9C69 /* GCDAsyncUdpSocket.m */,
			);
			name = GCDAsyncSocket;
			sourceTree = "<group>";
		};
		A47552AF1816460E0033D224 /* SmartClientCore */ = {
			isa = PBXGroup;
			children = (
				A47552AC181640D30033D224 /* CharAttribs.h */,
				A47552AD181640D30033D224 /* CharAttribs.m */,
				A47552A9181610E30033D224 /* Chars.h */,
				A47552AA181610E30033D224 /* Chars.m */,
				A47552A618160E460033D224 /* Mode.h */,
				A47552A718160E460033D224 /* Mode.m */,
				A47552B0181646C30033D224 /* Caret.h */,
				A47552B1181646C30033D224 /* Caret.m */,
				A47552B3181657E20033D224 /* CaretAttribs.h */,
				A47552B4181657E20033D224 /* CaretAttribs.m */,
				A429C75E181773CD0037666D /* ShowListEventArgs.h */,
				A429C75F181773CD0037666D /* ShowListEventArgs.m */,
				A429C761181775FB0037666D /* StringShowList.h */,
				A429C762181775FB0037666D /* StringShowList.m */,
				A4B6E404181E51D300F0A400 /* MessageBox.h */,
				A4B6E405181E51D300F0A400 /* MessageBox.m */,
			);
			name = SmartClientCore;
			path = ..;
			sourceTree = "<group>";
		};
/* End PBXGroup section */

/* Begin PBXNativeTarget section */
		A463202F180F80E3000F9C69 /* SmartClient */ = {
			isa = PBXNativeTarget;
			buildConfigurationList = A463205C180F80E4000F9C69 /* Build configuration list for PBXNativeTarget "SmartClient" */;
			buildPhases = (
				A463202C180F80E3000F9C69 /* Sources */,
				A463202D180F80E3000F9C69 /* Frameworks */,
				A463202E180F80E3000F9C69 /* Resources */,
			);
			buildRules = (
			);
			dependencies = (
			);
			name = SmartClient;
			productName = SmartClient;
			productReference = A4632030180F80E3000F9C69 /* SmartClient.app */;
			productType = "com.apple.product-type.application";
		};
		A463204A180F80E3000F9C69 /* SmartClientTests */ = {
			isa = PBXNativeTarget;
			buildConfigurationList = A463205F180F80E4000F9C69 /* Build configuration list for PBXNativeTarget "SmartClientTests" */;
			buildPhases = (
				A4632047180F80E3000F9C69 /* Sources */,
				A4632048180F80E3000F9C69 /* Frameworks */,
				A4632049180F80E3000F9C69 /* Resources */,
			);
			buildRules = (
			);
			dependencies = (
				A4632051180F80E4000F9C69 /* PBXTargetDependency */,
			);
			name = SmartClientTests;
			productName = SmartClientTests;
			productReference = A463204B180F80E3000F9C69 /* SmartClientTests.xctest */;
			productType = "com.apple.product-type.bundle.unit-test";
		};
/* End PBXNativeTarget section */

/* Begin PBXProject section */
		A4632028180F80E3000F9C69 /* Project object */ = {
			isa = PBXProject;
			attributes = {
				CLASSPREFIX = SmartClinet;
				LastUpgradeCheck = 0500;
				ORGANIZATIONNAME = searching;
				TargetAttributes = {
					A463204A180F80E3000F9C69 = {
						TestTargetID = A463202F180F80E3000F9C69;
					};
				};
			};
			buildConfigurationList = A463202B180F80E3000F9C69 /* Build configuration list for PBXProject "SmartClient" */;
			compatibilityVersion = "Xcode 3.2";
			developmentRegion = English;
			hasScannedForEncodings = 0;
			knownRegions = (
				en,
			);
			mainGroup = A4632027180F80E3000F9C69;
			productRefGroup = A4632031180F80E3000F9C69 /* Products */;
			projectDirPath = "";
			projectRoot = "";
			targets = (
				A463202F180F80E3000F9C69 /* SmartClient */,
				A463204A180F80E3000F9C69 /* SmartClientTests */,
			);
		};
/* End PBXProject section */

/* Begin PBXResourcesBuildPhase section */
		A463202E180F80E3000F9C69 /* Resources */ = {
			isa = PBXResourcesBuildPhase;
			buildActionMask = 2147483647;
			files = (
				A463203E180F80E3000F9C69 /* InfoPlist.strings in Resources */,
				A4632046180F80E3000F9C69 /* Images.xcassets in Resources */,
				A4632066180F8114000F9C69 /* SmartClinetViewController.xib in Resources */,
			);
			runOnlyForDeploymentPostprocessing = 0;
		};
		A4632049180F80E3000F9C69 /* Resources */ = {
			isa = PBXResourcesBuildPhase;
			buildActionMask = 2147483647;
			files = (
				A4632057180F80E4000F9C69 /* InfoPlist.strings in Resources */,
			);
			runOnlyForDeploymentPostprocessing = 0;
		};
/* End PBXResourcesBuildPhase section */

/* Begin PBXSourcesBuildPhase section */
		A463202C180F80E3000F9C69 /* Sources */ = {
			isa = PBXSourcesBuildPhase;
			buildActionMask = 2147483647;
			files = (
				A4632065180F8114000F9C69 /* SmartClinetViewController.m in Sources */,
				A47552A818160E460033D224 /* Mode.m in Sources */,
				A47552A5181606420033D224 /* SettingForRuntime.m in Sources */,
				A47552AB181610E30033D224 /* Chars.m in Sources */,
				A47552B5181657E20033D224 /* CaretAttribs.m in Sources */,
				A47552AE181640D30033D224 /* CharAttribs.m in Sources */,
				A43D1FEF1810C5F90067FB2B /* ParserMsg.m in Sources */,
				A4632079180FB7AD000F9C69 /* GCDAsyncSocket.m in Sources */,
				A429C763181775FB0037666D /* StringShowList.m in Sources */,
				A44CB6BD1818C862006B5946 /* Functions.m in Sources */,
				A47552B2181646C30033D224 /* Caret.m in Sources */,
				A463207E180FD152000F9C69 /* DefaultSettings.m in Sources */,
				A429C760181773CD0037666D /* ShowListEventArgs.m in Sources */,
				A4632069180F853B000F9C69 /* SettingForConnect.m in Sources */,
				A4632081180FDEBB000F9C69 /* SettingStore.m in Sources */,
				A4632040180F80E3000F9C69 /* main.m in Sources */,
				A463207A180FB7AD000F9C69 /* GCDAsyncUdpSocket.m in Sources */,
				A4B6E406181E51D300F0A400 /* MessageBox.m in Sources */,
				A44CB6C11818E4FE006B5946 /* VTSystemView.m in Sources */,
				A4632044180F80E3000F9C69 /* SmartClinetAppDelegate.m in Sources */,
			);
			runOnlyForDeploymentPostprocessing = 0;
		};
		A4632047180F80E3000F9C69 /* Sources */ = {
			isa = PBXSourcesBuildPhase;
			buildActionMask = 2147483647;
			files = (
				A4632059180F80E4000F9C69 /* SmartClientTests.m in Sources */,
			);
			runOnlyForDeploymentPostprocessing = 0;
		};
/* End PBXSourcesBuildPhase section */

/* Begin PBXTargetDependency section */
		A4632051180F80E4000F9C69 /* PBXTargetDependency */ = {
			isa = PBXTargetDependency;
			target = A463202F180F80E3000F9C69 /* SmartClient */;
			targetProxy = A4632050180F80E4000F9C69 /* PBXContainerItemProxy */;
		};
/* End PBXTargetDependency section */

/* Begin PBXVariantGroup section */
		A463203C180F80E3000F9C69 /* InfoPlist.strings */ = {
			isa = PBXVariantGroup;
			children = (
				A463203D180F80E3000F9C69 /* en */,
			);
			name = InfoPlist.strings;
			sourceTree = "<group>";
		};
		A4632055180F80E4000F9C69 /* InfoPlist.strings */ = {
			isa = PBXVariantGroup;
			children = (
				A4632056180F80E4000F9C69 /* en */,
			);
			name = InfoPlist.strings;
			sourceTree = "<group>";
		};
/* End PBXVariantGroup section */

/* Begin XCBuildConfiguration section */
		A463205A180F80E4000F9C69 /* Debug */ = {
			isa = XCBuildConfiguration;
			buildSettings = {
				ALWAYS_SEARCH_USER_PATHS = NO;
				ARCHS = "$(ARCHS_STANDARD_INCLUDING_64_BIT)";
				CLANG_CXX_LANGUAGE_STANDARD = "gnu++0x";
				CLANG_CXX_LIBRARY = "libc++";
				CLANG_ENABLE_MODULES = YES;
				CLANG_ENABLE_OBJC_ARC = YES;
				CLANG_WARN_BOOL_CONVERSION = YES;
				CLANG_WARN_CONSTANT_CONVERSION = YES;
				CLANG_WARN_DIRECT_OBJC_ISA_USAGE = YES_ERROR;
				CLANG_WARN_EMPTY_BODY = YES;
				CLANG_WARN_ENUM_CONVERSION = YES;
				CLANG_WARN_INT_CONVERSION = YES;
				CLANG_WARN_OBJC_ROOT_CLASS = YES_ERROR;
				CLANG_WARN__DUPLICATE_METHOD_MATCH = YES;
				"CODE_SIGN_IDENTITY[sdk=iphoneos*]" = "iPhone Developer";
				COPY_PHASE_STRIP = NO;
				GCC_C_LANGUAGE_STANDARD = gnu99;
				GCC_DYNAMIC_NO_PIC = NO;
				GCC_OPTIMIZATION_LEVEL = 0;
				GCC_PREPROCESSOR_DEFINITIONS = (
					"DEBUG=1",
					"$(inherited)",
				);
				GCC_SYMBOLS_PRIVATE_EXTERN = NO;
				GCC_WARN_64_TO_32_BIT_CONVERSION = YES;
				GCC_WARN_ABOUT_RETURN_TYPE = YES_ERROR;
				GCC_WARN_UNDECLARED_SELECTOR = YES;
				GCC_WARN_UNINITIALIZED_AUTOS = YES;
				GCC_WARN_UNUSED_FUNCTION = YES;
				GCC_WARN_UNUSED_VARIABLE = YES;
				IPHONEOS_DEPLOYMENT_TARGET = 7.0;
				ONLY_ACTIVE_ARCH = YES;
				SDKROOT = iphoneos;
				TARGETED_DEVICE_FAMILY = "1,2";
			};
			name = Debug;
		};
		A463205B180F80E4000F9C69 /* Release */ = {
			isa = XCBuildConfiguration;
			buildSettings = {
				ALWAYS_SEARCH_USER_PATHS = NO;
				ARCHS = "$(ARCHS_STANDARD_INCLUDING_64_BIT)";
				CLANG_CXX_LANGUAGE_STANDARD = "gnu++0x";
				CLANG_CXX_LIBRARY = "libc++";
				CLANG_ENABLE_MODULES = YES;
				CLANG_ENABLE_OBJC_ARC = YES;
				CLANG_WARN_BOOL_CONVERSION = YES;
				CLANG_WARN_CONSTANT_CONVERSION = YES;
				CLANG_WARN_DIRECT_OBJC_ISA_USAGE = YES_ERROR;
				CLANG_WARN_EMPTY_BODY = YES;
				CLANG_WARN_ENUM_CONVERSION = YES;
				CLANG_WARN_INT_CONVERSION = YES;
				CLANG_WARN_OBJC_ROOT_CLASS = YES_ERROR;
				CLANG_WARN__DUPLICATE_METHOD_MATCH = YES;
				"CODE_SIGN_IDENTITY[sdk=iphoneos*]" = "iPhone Developer";
				COPY_PHASE_STRIP = YES;
				ENABLE_NS_ASSERTIONS = NO;
				GCC_C_LANGUAGE_STANDARD = gnu99;
				GCC_WARN_64_TO_32_BIT_CONVERSION = YES;
				GCC_WARN_ABOUT_RETURN_TYPE = YES_ERROR;
				GCC_WARN_UNDECLARED_SELECTOR = YES;
				GCC_WARN_UNINITIALIZED_AUTOS = YES;
				GCC_WARN_UNUSED_FUNCTION = YES;
				GCC_WARN_UNUSED_VARIABLE = YES;
				IPHONEOS_DEPLOYMENT_TARGET = 7.0;
				SDKROOT = iphoneos;
				TARGETED_DEVICE_FAMILY = "1,2";
				VALIDATE_PRODUCT = YES;
			};
			name = Release;
		};
		A463205D180F80E4000F9C69 /* Debug */ = {
			isa = XCBuildConfiguration;
			buildSettings = {
				ASSETCATALOG_COMPILER_APPICON_NAME = AppIcon;
				ASSETCATALOG_COMPILER_LAUNCHIMAGE_NAME = LaunchImage;
				GCC_PRECOMPILE_PREFIX_HEADER = YES;
				GCC_PREFIX_HEADER = "SmartClient/SmartClient-Prefix.pch";
				INFOPLIST_FILE = "SmartClient/SmartClient-Info.plist";
				PRODUCT_NAME = "$(TARGET_NAME)";
				WRAPPER_EXTENSION = app;
			};
			name = Debug;
		};
		A463205E180F80E4000F9C69 /* Release */ = {
			isa = XCBuildConfiguration;
			buildSettings = {
				ASSETCATALOG_COMPILER_APPICON_NAME = AppIcon;
				ASSETCATALOG_COMPILER_LAUNCHIMAGE_NAME = LaunchImage;
				GCC_PRECOMPILE_PREFIX_HEADER = YES;
				GCC_PREFIX_HEADER = "SmartClient/SmartClient-Prefix.pch";
				INFOPLIST_FILE = "SmartClient/SmartClient-Info.plist";
				PRODUCT_NAME = "$(TARGET_NAME)";
				WRAPPER_EXTENSION = app;
			};
			name = Release;
		};
		A4632060180F80E4000F9C69 /* Debug */ = {
			isa = XCBuildConfiguration;
			buildSettings = {
				ARCHS = "$(ARCHS_STANDARD_INCLUDING_64_BIT)";
				BUNDLE_LOADER = "$(BUILT_PRODUCTS_DIR)/SmartClient.app/SmartClient";
				FRAMEWORK_SEARCH_PATHS = (
					"$(SDKROOT)/Developer/Library/Frameworks",
					"$(inherited)",
					"$(DEVELOPER_FRAMEWORKS_DIR)",
				);
				GCC_PRECOMPILE_PREFIX_HEADER = YES;
				GCC_PREFIX_HEADER = "SmartClient/SmartClient-Prefix.pch";
				GCC_PREPROCESSOR_DEFINITIONS = (
					"DEBUG=1",
					"$(inherited)",
				);
				INFOPLIST_FILE = "SmartClientTests/SmartClientTests-Info.plist";
				PRODUCT_NAME = "$(TARGET_NAME)";
				TEST_HOST = "$(BUNDLE_LOADER)";
				WRAPPER_EXTENSION = xctest;
			};
			name = Debug;
		};
		A4632061180F80E4000F9C69 /* Release */ = {
			isa = XCBuildConfiguration;
			buildSettings = {
				ARCHS = "$(ARCHS_STANDARD_INCLUDING_64_BIT)";
				BUNDLE_LOADER = "$(BUILT_PRODUCTS_DIR)/SmartClient.app/SmartClient";
				FRAMEWORK_SEARCH_PATHS = (
					"$(SDKROOT)/Developer/Library/Frameworks",
					"$(inherited)",
					"$(DEVELOPER_FRAMEWORKS_DIR)",
				);
				GCC_PRECOMPILE_PREFIX_HEADER = YES;
				GCC_PREFIX_HEADER = "SmartClient/SmartClient-Prefix.pch";
				INFOPLIST_FILE = "SmartClientTests/SmartClientTests-Info.plist";
				PRODUCT_NAME = "$(TARGET_NAME)";
				TEST_HOST = "$(BUNDLE_LOADER)";
				WRAPPER_EXTENSION = xctest;
			};
			name = Release;
		};
/* End XCBuildConfiguration section */

/* Begin XCConfigurationList section */
		A463202B180F80E3000F9C69 /* Build configuration list for PBXProject "SmartClient" */ = {
			isa = XCConfigurationList;
			buildConfigurations = (
				A463205A180F80E4000F9C69 /* Debug */,
				A463205B180F80E4000F9C69 /* Release */,
			);
			defaultConfigurationIsVisible = 0;
			defaultConfigurationName = Release;
		};
		A463205C180F80E4000F9C69 /* Build configuration list for PBXNativeTarget "SmartClient" */ = {
			isa = XCConfigurationList;
			buildConfigurations = (
				A463205D180F80E4000F9C69 /* Debug */,
				A463205E180F80E4000F9C69 /* Release */,
			);
			defaultConfigurationIsVisible = 0;
			defaultConfigurationName = Release;
		};
		A463205F180F80E4000F9C69 /* Build configuration list for PBXNativeTarget "SmartClientTests" */ = {
			isa = XCConfigurationList;
			buildConfigurations = (
				A4632060180F80E4000F9C69 /* Debug */,
				A4632061180F80E4000F9C69 /* Release */,
			);
			defaultConfigurationIsVisible = 0;
			defaultConfigurationName = Release;
		};
/* End XCConfigurationList section */
	};
	rootObject = A4632028180F80E3000F9C69 /* Project object */;
}
