// !$*UTF8*$!
{
	archiveVersion = 1;
	classes = {
	};
	objectVersion = 46;
	objects = {

/* Begin PBXBuildFile section */
		A41D4379183078AF00F52597 /* CustomIOS7AlertView.m in Sources */ = {isa = PBXBuildFile; fileRef = A41D4378183078AE00F52597 /* CustomIOS7AlertView.m */; };
		A429C760181773CD0037666D /* ShowListEventArgs.m in Sources */ = {isa = PBXBuildFile; fileRef = A429C75F181773CD0037666D /* ShowListEventArgs.m */; };
		A429C763181775FB0037666D /* StringShowList.m in Sources */ = {isa = PBXBuildFile; fileRef = A429C762181775FB0037666D /* StringShowList.m */; };
		A4353A1218331D43006D51FC /* ScanViewController.m in Sources */ = {isa = PBXBuildFile; fileRef = A4353A1018331D42006D51FC /* ScanViewController.m */; };
		A43D1FEF1810C5F90067FB2B /* ParserMsg.m in Sources */ = {isa = PBXBuildFile; fileRef = A43D1FEE1810C5F90067FB2B /* ParserMsg.m */; };
		A445505E18233F1B00BBDDB9 /* MMExampleDrawerVisualStateManager.m in Sources */ = {isa = PBXBuildFile; fileRef = A445505D18233F1B00BBDDB9 /* MMExampleDrawerVisualStateManager.m */; };
		A4455062182387C200BBDDB9 /* ConnectSettingViewController.m in Sources */ = {isa = PBXBuildFile; fileRef = A4455061182387C200BBDDB9 /* ConnectSettingViewController.m */; };
		A44CB6BD1818C862006B5946 /* Functions.m in Sources */ = {isa = PBXBuildFile; fileRef = A44CB6BC1818C862006B5946 /* Functions.m */; };
		A44CB6C11818E4FE006B5946 /* VTSystemView.m in Sources */ = {isa = PBXBuildFile; fileRef = A44CB6C01818E4FE006B5946 /* VTSystemView.m */; };
		A45D2917182A1C7D00EE88AD /* AboutSettingViewController.xib in Resources */ = {isa = PBXBuildFile; fileRef = A45D2919182A1C7D00EE88AD /* AboutSettingViewController.xib */; };
		A45D2927182A259300EE88AD /* Localizable.strings in Resources */ = {isa = PBXBuildFile; fileRef = A45D2925182A259300EE88AD /* Localizable.strings */; };
		A4632034180F80E3000F9C69 /* Foundation.framework in Frameworks */ = {isa = PBXBuildFile; fileRef = A4632033180F80E3000F9C69 /* Foundation.framework */; };
		A4632036180F80E3000F9C69 /* CoreGraphics.framework in Frameworks */ = {isa = PBXBuildFile; fileRef = A4632035180F80E3000F9C69 /* CoreGraphics.framework */; };
		A4632038180F80E3000F9C69 /* UIKit.framework in Frameworks */ = {isa = PBXBuildFile; fileRef = A4632037180F80E3000F9C69 /* UIKit.framework */; };
		A463203E180F80E3000F9C69 /* InfoPlist.strings in Resources */ = {isa = PBXBuildFile; fileRef = A463203C180F80E3000F9C69 /* InfoPlist.strings */; };
		A4632040180F80E3000F9C69 /* main.m in Sources */ = {isa = PBXBuildFile; fileRef = A463203F180F80E3000F9C69 /* main.m */; };
		A4632044180F80E3000F9C69 /* SmartClinetAppDelegate.m in Sources */ = {isa = PBXBuildFile; fileRef = A4632043180F80E3000F9C69 /* SmartClinetAppDelegate.m */; };
		A4632046180F80E3000F9C69 /* Images.xcassets in Resources */ = {isa = PBXBuildFile; fileRef = A4632045180F80E3000F9C69 /* Images.xcassets */; };
		A463204D180F80E3000F9C69 /* XCTest.framework in Frameworks */ = {isa = PBXBuildFile; fileRef = A463204C180F80E3000F9C69 /* XCTest.framework */; };
		A463204E180F80E3000F9C69 /* Foundation.framework in Frameworks */ = {isa = PBXBuildFile; fileRef = A4632033180F80E3000F9C69 /* Foundation.framework */; };
		A463204F180F80E4000F9C69 /* UIKit.framework in Frameworks */ = {isa = PBXBuildFile; fileRef = A4632037180F80E3000F9C69 /* UIKit.framework */; };
		A4632057180F80E4000F9C69 /* InfoPlist.strings in Resources */ = {isa = PBXBuildFile; fileRef = A4632055180F80E4000F9C69 /* InfoPlist.strings */; };
		A4632059180F80E4000F9C69 /* SmartClientTests.m in Sources */ = {isa = PBXBuildFile; fileRef = A4632058180F80E4000F9C69 /* SmartClientTests.m */; };
		A4632065180F8114000F9C69 /* SmartClinetViewController.mm in Sources */ = {isa = PBXBuildFile; fileRef = A4632063180F8114000F9C69 /* SmartClinetViewController.mm */; };
		A4632069180F853B000F9C69 /* SettingForConnect.m in Sources */ = {isa = PBXBuildFile; fileRef = A4632068180F853B000F9C69 /* SettingForConnect.m */; };
		A463206E180FA4AB000F9C69 /* CFNetwork.framework in Frameworks */ = {isa = PBXBuildFile; fileRef = A463206D180FA4AB000F9C69 /* CFNetwork.framework */; };
		A4632079180FB7AD000F9C69 /* GCDAsyncSocket.m in Sources */ = {isa = PBXBuildFile; fileRef = A4632076180FB7AD000F9C69 /* GCDAsyncSocket.m */; };
		A463207A180FB7AD000F9C69 /* GCDAsyncUdpSocket.m in Sources */ = {isa = PBXBuildFile; fileRef = A4632078180FB7AD000F9C69 /* GCDAsyncUdpSocket.m */; };
		A463207E180FD152000F9C69 /* DefaultSettings.m in Sources */ = {isa = PBXBuildFile; fileRef = A463207D180FD152000F9C69 /* DefaultSettings.m */; };
		A4632081180FDEBB000F9C69 /* SettingStore.m in Sources */ = {isa = PBXBuildFile; fileRef = A4632080180FDEBB000F9C69 /* SettingStore.m */; };
		A46492CF18222B2E00B39E7E /* MMDrawerBarButtonItem.m in Sources */ = {isa = PBXBuildFile; fileRef = A46492C718222B2E00B39E7E /* MMDrawerBarButtonItem.m */; };
		A46492D018222B2E00B39E7E /* MMDrawerController.m in Sources */ = {isa = PBXBuildFile; fileRef = A46492CA18222B2E00B39E7E /* MMDrawerController.m */; };
		A46492D118222B2E00B39E7E /* MMDrawerVisualState.m in Sources */ = {isa = PBXBuildFile; fileRef = A46492CC18222B2E00B39E7E /* MMDrawerVisualState.m */; };
		A46492D218222B2E00B39E7E /* UIViewController+MMDrawerController.m in Sources */ = {isa = PBXBuildFile; fileRef = A46492CE18222B2E00B39E7E /* UIViewController+MMDrawerController.m */; };
		A46492DB18222D5300B39E7E /* MMNavigationController.m in Sources */ = {isa = PBXBuildFile; fileRef = A46492DA18222D5300B39E7E /* MMNavigationController.m */; };
		A46492F218224D9700B39E7E /* SmartClinetLeftMenuViewController.m in Sources */ = {isa = PBXBuildFile; fileRef = A46492F018224D9700B39E7E /* SmartClinetLeftMenuViewController.m */; };
		A46492F318224D9700B39E7E /* SmartClinetLeftMenuViewController.xib in Resources */ = {isa = PBXBuildFile; fileRef = A46492F118224D9700B39E7E /* SmartClinetLeftMenuViewController.xib */; };
		A46B626B183459200080AAA4 /* libZXingWidget.a in Frameworks */ = {isa = PBXBuildFile; fileRef = A46B626A183459200080AAA4 /* libZXingWidget.a */; };
		A470DB9F1834654700C7DB1A /* AudioToolbox.framework in Frameworks */ = {isa = PBXBuildFile; fileRef = A470DB9E1834654700C7DB1A /* AudioToolbox.framework */; };
		A470DBA11834655200C7DB1A /* CoreVideo.framework in Frameworks */ = {isa = PBXBuildFile; fileRef = A470DBA01834655100C7DB1A /* CoreVideo.framework */; };
		A470DBA31834656300C7DB1A /* libiconv.dylib in Frameworks */ = {isa = PBXBuildFile; fileRef = A470DBA21834656300C7DB1A /* libiconv.dylib */; };
		A470DBA51834657000C7DB1A /* AddressBook.framework in Frameworks */ = {isa = PBXBuildFile; fileRef = A470DBA41834657000C7DB1A /* AddressBook.framework */; };
		A470DBA71834657900C7DB1A /* AddressBookUI.framework in Frameworks */ = {isa = PBXBuildFile; fileRef = A470DBA61834657900C7DB1A /* AddressBookUI.framework */; };
		A47552A5181606420033D224 /* SettingForRuntime.m in Sources */ = {isa = PBXBuildFile; fileRef = A47552A4181606420033D224 /* SettingForRuntime.m */; };
		A47552A818160E460033D224 /* Mode.m in Sources */ = {isa = PBXBuildFile; fileRef = A47552A718160E460033D224 /* Mode.m */; };
		A47552AB181610E30033D224 /* Chars.m in Sources */ = {isa = PBXBuildFile; fileRef = A47552AA181610E30033D224 /* Chars.m */; };
		A47552AE181640D30033D224 /* CharAttribs.m in Sources */ = {isa = PBXBuildFile; fileRef = A47552AD181640D30033D224 /* CharAttribs.m */; };
		A47552B2181646C30033D224 /* Caret.m in Sources */ = {isa = PBXBuildFile; fileRef = A47552B1181646C30033D224 /* Caret.m */; };
		A47552B5181657E20033D224 /* CaretAttribs.m in Sources */ = {isa = PBXBuildFile; fileRef = A47552B4181657E20033D224 /* CaretAttribs.m */; };
		A482E06C1823DB5A0056E0C2 /* JMStaticContentTableViewCell.m in Sources */ = {isa = PBXBuildFile; fileRef = A482E0651823DB5A0056E0C2 /* JMStaticContentTableViewCell.m */; };
		A482E06D1823DB5A0056E0C2 /* JMStaticContentTableViewController.m in Sources */ = {isa = PBXBuildFile; fileRef = A482E0671823DB5A0056E0C2 /* JMStaticContentTableViewController.m */; };
		A482E06E1823DB5A0056E0C2 /* JMStaticContentTableViewSection.m in Sources */ = {isa = PBXBuildFile; fileRef = A482E0691823DB5A0056E0C2 /* JMStaticContentTableViewSection.m */; };
		A482E06F1823DB5A0056E0C2 /* JMStaticContentTextFieldTableViewCell.m in Sources */ = {isa = PBXBuildFile; fileRef = A482E06B1823DB5A0056E0C2 /* JMStaticContentTextFieldTableViewCell.m */; };
		A49214C3182CCA4600213154 /* alpha.wav in Resources */ = {isa = PBXBuildFile; fileRef = A49214BA182CCA4400213154 /* alpha.wav */; };
		A49214C4182CCA4600213154 /* ascend.wav in Resources */ = {isa = PBXBuildFile; fileRef = A49214BB182CCA4400213154 /* ascend.wav */; };
		A49214C5182CCA4600213154 /* color.wav in Resources */ = {isa = PBXBuildFile; fileRef = A49214BC182CCA4500213154 /* color.wav */; };
		A49214C6182CCA4600213154 /* confirm.wav in Resources */ = {isa = PBXBuildFile; fileRef = A49214BD182CCA4500213154 /* confirm.wav */; };
		A49214C7182CCA4600213154 /* major.wav in Resources */ = {isa = PBXBuildFile; fileRef = A49214BE182CCA4500213154 /* major.wav */; };
		A49214C8182CCA4600213154 /* modern.wav in Resources */ = {isa = PBXBuildFile; fileRef = A49214BF182CCA4500213154 /* modern.wav */; };
		A49214C9182CCA4600213154 /* vector.wav in Resources */ = {isa = PBXBuildFile; fileRef = A49214C0182CCA4500213154 /* vector.wav */; };
		A49214CA182CCA4600213154 /* zeta.wav in Resources */ = {isa = PBXBuildFile; fileRef = A49214C1182CCA4600213154 /* zeta.wav */; };
		A49214CB182CCA4600213154 /* zing.wav in Resources */ = {isa = PBXBuildFile; fileRef = A49214C2182CCA4600213154 /* zing.wav */; };
		A49214CE182CD06500213154 /* CameraImage.m in Sources */ = {isa = PBXBuildFile; fileRef = A49214CD182CD06500213154 /* CameraImage.m */; };
		A4B6E406181E51D300F0A400 /* MessageBox.m in Sources */ = {isa = PBXBuildFile; fileRef = A4B6E405181E51D300F0A400 /* MessageBox.m */; };
		A4C3F70C1828E75E00CBE658 /* AVFoundation.framework in Frameworks */ = {isa = PBXBuildFile; fileRef = A4C3F70B1828E75E00CBE658 /* AVFoundation.framework */; };
		A4E5910B1827681500265F60 /* EditViewController.m in Sources */ = {isa = PBXBuildFile; fileRef = A4E591091827681500265F60 /* EditViewController.m */; };
		A4E5911118276B0A00265F60 /* StringInputTableViewCell.m in Sources */ = {isa = PBXBuildFile; fileRef = A4E5911018276B0A00265F60 /* StringInputTableViewCell.m */; };
		A4E5911518278DED00265F60 /* FontSettingViewController.m in Sources */ = {isa = PBXBuildFile; fileRef = A4E5911318278DED00265F60 /* FontSettingViewController.m */; };
		A4E5911E1827986D00265F60 /* ScreenSettingViewController.m in Sources */ = {isa = PBXBuildFile; fileRef = A4E5911D1827986D00265F60 /* ScreenSettingViewController.m */; };
		A4E591211827988100265F60 /* SoundSettingViewController.m in Sources */ = {isa = PBXBuildFile; fileRef = A4E591201827988100265F60 /* SoundSettingViewController.m */; };
		A4E591241827989500265F60 /* ScanSettingViewController.m in Sources */ = {isa = PBXBuildFile; fileRef = A4E591231827989500265F60 /* ScanSettingViewController.m */; };
		A4E59127182798EC00265F60 /* OtherSettingViewController.m in Sources */ = {isa = PBXBuildFile; fileRef = A4E59126182798EC00265F60 /* OtherSettingViewController.m */; };
		A4E5912B1827990100265F60 /* AboutSettingViewController.m in Sources */ = {isa = PBXBuildFile; fileRef = A4E591291827990100265F60 /* AboutSettingViewController.m */; };
/* End PBXBuildFile section */

/* Begin PBXContainerItemProxy section */
		A4632050180F80E4000F9C69 /* PBXContainerItemProxy */ = {
			isa = PBXContainerItemProxy;
			containerPortal = A4632028180F80E3000F9C69 /* Project object */;
			proxyType = 1;
			remoteGlobalIDString = A463202F180F80E3000F9C69;
			remoteInfo = SmartClient;
		};
/* End PBXContainerItemProxy section */

/* Begin PBXFileReference section */
		A40F734818272E63003D36AF /* zh-Hans */ = {isa = PBXFileReference; lastKnownFileType = text.plist.strings; name = "zh-Hans"; path = "zh-Hans.lproj/InfoPlist.strings"; sourceTree = "<group>"; };
		A41D4377183078AE00F52597 /* CustomIOS7AlertView.h */ = {isa = PBXFileReference; fileEncoding = 4; lastKnownFileType = sourcecode.c.h; path = CustomIOS7AlertView.h; sourceTree = "<group>"; };
		A41D4378183078AE00F52597 /* CustomIOS7AlertView.m */ = {isa = PBXFileReference; fileEncoding = 4; lastKnownFileType = sourcecode.c.objc; path = CustomIOS7AlertView.m; sourceTree = "<group>"; };
		A429C75E181773CD0037666D /* ShowListEventArgs.h */ = {isa = PBXFileReference; fileEncoding = 4; lastKnownFileType = sourcecode.c.h; path = ShowListEventArgs.h; sourceTree = "<group>"; };
		A429C75F181773CD0037666D /* ShowListEventArgs.m */ = {isa = PBXFileReference; fileEncoding = 4; lastKnownFileType = sourcecode.c.objc; path = ShowListEventArgs.m; sourceTree = "<group>"; };
		A429C761181775FB0037666D /* StringShowList.h */ = {isa = PBXFileReference; fileEncoding = 4; lastKnownFileType = sourcecode.c.h; path = StringShowList.h; sourceTree = "<group>"; };
		A429C762181775FB0037666D /* StringShowList.m */ = {isa = PBXFileReference; fileEncoding = 4; lastKnownFileType = sourcecode.c.objc; path = StringShowList.m; sourceTree = "<group>"; };
		A4353A0F18331D42006D51FC /* ScanViewController.h */ = {isa = PBXFileReference; fileEncoding = 4; lastKnownFileType = sourcecode.c.h; path = ScanViewController.h; sourceTree = "<group>"; };
		A4353A1018331D42006D51FC /* ScanViewController.m */ = {isa = PBXFileReference; fileEncoding = 4; lastKnownFileType = sourcecode.c.objc; path = ScanViewController.m; sourceTree = "<group>"; };
		A43D1FED1810C5F90067FB2B /* ParserMsg.h */ = {isa = PBXFileReference; fileEncoding = 4; lastKnownFileType = sourcecode.c.h; path = ParserMsg.h; sourceTree = "<group>"; };
		A43D1FEE1810C5F90067FB2B /* ParserMsg.m */ = {isa = PBXFileReference; fileEncoding = 4; lastKnownFileType = sourcecode.c.objc; path = ParserMsg.m; sourceTree = "<group>"; };
		A445505C18233F1B00BBDDB9 /* MMExampleDrawerVisualStateManager.h */ = {isa = PBXFileReference; fileEncoding = 4; lastKnownFileType = sourcecode.c.h; name = MMExampleDrawerVisualStateManager.h; path = ../MMExampleDrawerVisualStateManager.h; sourceTree = "<group>"; };
		A445505D18233F1B00BBDDB9 /* MMExampleDrawerVisualStateManager.m */ = {isa = PBXFileReference; fileEncoding = 4; lastKnownFileType = sourcecode.c.objc; name = MMExampleDrawerVisualStateManager.m; path = ../MMExampleDrawerVisualStateManager.m; sourceTree = "<group>"; };
		A4455060182387C200BBDDB9 /* ConnectSettingViewController.h */ = {isa = PBXFileReference; fileEncoding = 4; lastKnownFileType = sourcecode.c.h; path = ConnectSettingViewController.h; sourceTree = "<group>"; };
		A4455061182387C200BBDDB9 /* ConnectSettingViewController.m */ = {isa = PBXFileReference; fileEncoding = 4; lastKnownFileType = sourcecode.c.objc; path = ConnectSettingViewController.m; sourceTree = "<group>"; };
		A44CB6BB1818C862006B5946 /* Functions.h */ = {isa = PBXFileReference; fileEncoding = 4; lastKnownFileType = sourcecode.c.h; path = Functions.h; sourceTree = "<group>"; };
		A44CB6BC1818C862006B5946 /* Functions.m */ = {isa = PBXFileReference; fileEncoding = 4; lastKnownFileType = sourcecode.c.objc; path = Functions.m; sourceTree = "<group>"; };
		A44CB6BF1818E4FE006B5946 /* VTSystemView.h */ = {isa = PBXFileReference; fileEncoding = 4; lastKnownFileType = sourcecode.c.h; path = VTSystemView.h; sourceTree = "<group>"; };
		A44CB6C01818E4FE006B5946 /* VTSystemView.m */ = {isa = PBXFileReference; fileEncoding = 4; lastKnownFileType = sourcecode.c.objc; path = VTSystemView.m; sourceTree = "<group>"; };
		A45B8FF81827A02D0058E43F /* Base */ = {isa = PBXFileReference; lastKnownFileType = text.plist.strings; name = Base; path = Base.lproj/InfoPlist.strings; sourceTree = "<group>"; };
		A45D2918182A1C7D00EE88AD /* Base */ = {isa = PBXFileReference; lastKnownFileType = file.xib; name = Base; path = Base.lproj/AboutSettingViewController.xib; sourceTree = "<group>"; };
		A45D291B182A1C8200EE88AD /* zh-Hans */ = {isa = PBXFileReference; lastKnownFileType = text.plist.strings; name = "zh-Hans"; path = "zh-Hans.lproj/AboutSettingViewController.strings"; sourceTree = "<group>"; };
		A45D291D182A1C8200EE88AD /* en */ = {isa = PBXFileReference; lastKnownFileType = text.plist.strings; name = en; path = en.lproj/AboutSettingViewController.strings; sourceTree = "<group>"; };
		A45D2926182A259300EE88AD /* zh-Hans */ = {isa = PBXFileReference; lastKnownFileType = text.plist.strings; name = "zh-Hans"; path = "zh-Hans.lproj/Localizable.strings"; sourceTree = "<group>"; };
		A45D2929182A25B100EE88AD /* en */ = {isa = PBXFileReference; lastKnownFileType = text.plist.strings; name = en; path = en.lproj/Localizable.strings; sourceTree = "<group>"; };
		A4632030180F80E3000F9C69 /* SmartClient.app */ = {isa = PBXFileReference; explicitFileType = wrapper.application; includeInIndex = 0; path = SmartClient.app; sourceTree = BUILT_PRODUCTS_DIR; };
		A4632033180F80E3000F9C69 /* Foundation.framework */ = {isa = PBXFileReference; lastKnownFileType = wrapper.framework; name = Foundation.framework; path = System/Library/Frameworks/Foundation.framework; sourceTree = SDKROOT; };
		A4632035180F80E3000F9C69 /* CoreGraphics.framework */ = {isa = PBXFileReference; lastKnownFileType = wrapper.framework; name = CoreGraphics.framework; path = System/Library/Frameworks/CoreGraphics.framework; sourceTree = SDKROOT; };
		A4632037180F80E3000F9C69 /* UIKit.framework */ = {isa = PBXFileReference; lastKnownFileType = wrapper.framework; name = UIKit.framework; path = System/Library/Frameworks/UIKit.framework; sourceTree = SDKROOT; };
		A463203B180F80E3000F9C69 /* SmartClient-Info.plist */ = {isa = PBXFileReference; lastKnownFileType = text.plist.xml; path = "SmartClient-Info.plist"; sourceTree = "<group>"; };
		A463203F180F80E3000F9C69 /* main.m */ = {isa = PBXFileReference; lastKnownFileType = sourcecode.c.objc; path = main.m; sourceTree = "<group>"; };
		A4632041180F80E3000F9C69 /* SmartClient-Prefix.pch */ = {isa = PBXFileReference; lastKnownFileType = sourcecode.c.h; path = "SmartClient-Prefix.pch"; sourceTree = "<group>"; };
		A4632042180F80E3000F9C69 /* SmartClinetAppDelegate.h */ = {isa = PBXFileReference; lastKnownFileType = sourcecode.c.h; path = SmartClinetAppDelegate.h; sourceTree = "<group>"; };
		A4632043180F80E3000F9C69 /* SmartClinetAppDelegate.m */ = {isa = PBXFileReference; lastKnownFileType = sourcecode.c.objc; path = SmartClinetAppDelegate.m; sourceTree = "<group>"; };
		A4632045180F80E3000F9C69 /* Images.xcassets */ = {isa = PBXFileReference; lastKnownFileType = folder.assetcatalog; path = Images.xcassets; sourceTree = "<group>"; };
		A463204B180F80E3000F9C69 /* SmartClientTests.xctest */ = {isa = PBXFileReference; explicitFileType = wrapper.cfbundle; includeInIndex = 0; path = SmartClientTests.xctest; sourceTree = BUILT_PRODUCTS_DIR; };
		A463204C180F80E3000F9C69 /* XCTest.framework */ = {isa = PBXFileReference; lastKnownFileType = wrapper.framework; name = XCTest.framework; path = Library/Frameworks/XCTest.framework; sourceTree = DEVELOPER_DIR; };
		A4632054180F80E4000F9C69 /* SmartClientTests-Info.plist */ = {isa = PBXFileReference; lastKnownFileType = text.plist.xml; path = "SmartClientTests-Info.plist"; sourceTree = "<group>"; };
		A4632056180F80E4000F9C69 /* en */ = {isa = PBXFileReference; lastKnownFileType = text.plist.strings; name = en; path = en.lproj/InfoPlist.strings; sourceTree = "<group>"; };
		A4632058180F80E4000F9C69 /* SmartClientTests.m */ = {isa = PBXFileReference; lastKnownFileType = sourcecode.c.objc; path = SmartClientTests.m; sourceTree = "<group>"; };
		A4632062180F8114000F9C69 /* SmartClinetViewController.h */ = {isa = PBXFileReference; fileEncoding = 4; lastKnownFileType = sourcecode.c.h; path = SmartClinetViewController.h; sourceTree = "<group>"; };
		A4632063180F8114000F9C69 /* SmartClinetViewController.mm */ = {isa = PBXFileReference; fileEncoding = 4; lastKnownFileType = sourcecode.cpp.objcpp; path = SmartClinetViewController.mm; sourceTree = "<group>"; };
		A4632067180F853B000F9C69 /* SettingForConnect.h */ = {isa = PBXFileReference; fileEncoding = 4; lastKnownFileType = sourcecode.c.h; path = SettingForConnect.h; sourceTree = "<group>"; };
		A4632068180F853B000F9C69 /* SettingForConnect.m */ = {isa = PBXFileReference; fileEncoding = 4; lastKnownFileType = sourcecode.c.objc; path = SettingForConnect.m; sourceTree = "<group>"; };
		A463206D180FA4AB000F9C69 /* CFNetwork.framework */ = {isa = PBXFileReference; lastKnownFileType = wrapper.framework; name = CFNetwork.framework; path = System/Library/Frameworks/CFNetwork.framework; sourceTree = SDKROOT; };
		A4632075180FB7AD000F9C69 /* GCDAsyncSocket.h */ = {isa = PBXFileReference; fileEncoding = 4; lastKnownFileType = sourcecode.c.h; name = GCDAsyncSocket.h; path = ../GCDAsyncSocket.h; sourceTree = "<group>"; };
		A4632076180FB7AD000F9C69 /* GCDAsyncSocket.m */ = {isa = PBXFileReference; fileEncoding = 4; lastKnownFileType = sourcecode.c.objc; name = GCDAsyncSocket.m; path = ../GCDAsyncSocket.m; sourceTree = "<group>"; };
		A4632077180FB7AD000F9C69 /* GCDAsyncUdpSocket.h */ = {isa = PBXFileReference; fileEncoding = 4; lastKnownFileType = sourcecode.c.h; name = GCDAsyncUdpSocket.h; path = ../GCDAsyncUdpSocket.h; sourceTree = "<group>"; };
		A4632078180FB7AD000F9C69 /* GCDAsyncUdpSocket.m */ = {isa = PBXFileReference; fileEncoding = 4; lastKnownFileType = sourcecode.c.objc; name = GCDAsyncUdpSocket.m; path = ../GCDAsyncUdpSocket.m; sourceTree = "<group>"; };
		A463207C180FD152000F9C69 /* DefaultSettings.h */ = {isa = PBXFileReference; fileEncoding = 4; lastKnownFileType = sourcecode.c.h; path = DefaultSettings.h; sourceTree = "<group>"; };
		A463207D180FD152000F9C69 /* DefaultSettings.m */ = {isa = PBXFileReference; fileEncoding = 4; lastKnownFileType = sourcecode.c.objc; path = DefaultSettings.m; sourceTree = "<group>"; };
		A463207F180FDEBB000F9C69 /* SettingStore.h */ = {isa = PBXFileReference; fileEncoding = 4; lastKnownFileType = sourcecode.c.h; name = SettingStore.h; path = ../SettingStore.h; sourceTree = "<group>"; };
		A4632080180FDEBB000F9C69 /* SettingStore.m */ = {isa = PBXFileReference; fileEncoding = 4; lastKnownFileType = sourcecode.c.objc; name = SettingStore.m; path = ../SettingStore.m; sourceTree = "<group>"; };
		A46492C618222B2E00B39E7E /* MMDrawerBarButtonItem.h */ = {isa = PBXFileReference; fileEncoding = 4; lastKnownFileType = sourcecode.c.h; path = MMDrawerBarButtonItem.h; sourceTree = "<group>"; };
		A46492C718222B2E00B39E7E /* MMDrawerBarButtonItem.m */ = {isa = PBXFileReference; fileEncoding = 4; lastKnownFileType = sourcecode.c.objc; path = MMDrawerBarButtonItem.m; sourceTree = "<group>"; };
		A46492C818222B2E00B39E7E /* MMDrawerController+Subclass.h */ = {isa = PBXFileReference; fileEncoding = 4; lastKnownFileType = sourcecode.c.h; path = "MMDrawerController+Subclass.h"; sourceTree = "<group>"; };
		A46492C918222B2E00B39E7E /* MMDrawerController.h */ = {isa = PBXFileReference; fileEncoding = 4; lastKnownFileType = sourcecode.c.h; path = MMDrawerController.h; sourceTree = "<group>"; };
		A46492CA18222B2E00B39E7E /* MMDrawerController.m */ = {isa = PBXFileReference; fileEncoding = 4; lastKnownFileType = sourcecode.c.objc; path = MMDrawerController.m; sourceTree = "<group>"; };
		A46492CB18222B2E00B39E7E /* MMDrawerVisualState.h */ = {isa = PBXFileReference; fileEncoding = 4; lastKnownFileType = sourcecode.c.h; path = MMDrawerVisualState.h; sourceTree = "<group>"; };
		A46492CC18222B2E00B39E7E /* MMDrawerVisualState.m */ = {isa = PBXFileReference; fileEncoding = 4; lastKnownFileType = sourcecode.c.objc; path = MMDrawerVisualState.m; sourceTree = "<group>"; };
		A46492CD18222B2E00B39E7E /* UIViewController+MMDrawerController.h */ = {isa = PBXFileReference; fileEncoding = 4; lastKnownFileType = sourcecode.c.h; path = "UIViewController+MMDrawerController.h"; sourceTree = "<group>"; };
		A46492CE18222B2E00B39E7E /* UIViewController+MMDrawerController.m */ = {isa = PBXFileReference; fileEncoding = 4; lastKnownFileType = sourcecode.c.objc; path = "UIViewController+MMDrawerController.m"; sourceTree = "<group>"; };
		A46492D918222D5300B39E7E /* MMNavigationController.h */ = {isa = PBXFileReference; fileEncoding = 4; lastKnownFileType = sourcecode.c.h; name = MMNavigationController.h; path = ../MMNavigationController.h; sourceTree = "<group>"; };
		A46492DA18222D5300B39E7E /* MMNavigationController.m */ = {isa = PBXFileReference; fileEncoding = 4; lastKnownFileType = sourcecode.c.objc; name = MMNavigationController.m; path = ../MMNavigationController.m; sourceTree = "<group>"; };
		A46492EF18224D9700B39E7E /* SmartClinetLeftMenuViewController.h */ = {isa = PBXFileReference; fileEncoding = 4; lastKnownFileType = sourcecode.c.h; name = SmartClinetLeftMenuViewController.h; path = ../SmartClinetLeftMenuViewController.h; sourceTree = "<group>"; };
		A46492F018224D9700B39E7E /* SmartClinetLeftMenuViewController.m */ = {isa = PBXFileReference; fileEncoding = 4; lastKnownFileType = sourcecode.c.objc; name = SmartClinetLeftMenuViewController.m; path = ../SmartClinetLeftMenuViewController.m; sourceTree = "<group>"; };
		A46492F118224D9700B39E7E /* SmartClinetLeftMenuViewController.xib */ = {isa = PBXFileReference; fileEncoding = 4; lastKnownFileType = file.xib; name = SmartClinetLeftMenuViewController.xib; path = ../SmartClinetLeftMenuViewController.xib; sourceTree = "<group>"; };
		A46B626A183459200080AAA4 /* libZXingWidget.a */ = {isa = PBXFileReference; lastKnownFileType = archive.ar; path = libZXingWidget.a; sourceTree = "<group>"; };
		A470DB9E1834654700C7DB1A /* AudioToolbox.framework */ = {isa = PBXFileReference; lastKnownFileType = wrapper.framework; name = AudioToolbox.framework; path = System/Library/Frameworks/AudioToolbox.framework; sourceTree = SDKROOT; };
		A470DBA01834655100C7DB1A /* CoreVideo.framework */ = {isa = PBXFileReference; lastKnownFileType = wrapper.framework; name = CoreVideo.framework; path = System/Library/Frameworks/CoreVideo.framework; sourceTree = SDKROOT; };
		A470DBA21834656300C7DB1A /* libiconv.dylib */ = {isa = PBXFileReference; lastKnownFileType = "compiled.mach-o.dylib"; name = libiconv.dylib; path = usr/lib/libiconv.dylib; sourceTree = SDKROOT; };
		A470DBA41834657000C7DB1A /* AddressBook.framework */ = {isa = PBXFileReference; lastKnownFileType = wrapper.framework; name = AddressBook.framework; path = System/Library/Frameworks/AddressBook.framework; sourceTree = SDKROOT; };
		A470DBA61834657900C7DB1A /* AddressBookUI.framework */ = {isa = PBXFileReference; lastKnownFileType = wrapper.framework; name = AddressBookUI.framework; path = System/Library/Frameworks/AddressBookUI.framework; sourceTree = SDKROOT; };
		A47552A3181606420033D224 /* SettingForRuntime.h */ = {isa = PBXFileReference; fileEncoding = 4; lastKnownFileType = sourcecode.c.h; path = SettingForRuntime.h; sourceTree = "<group>"; };
		A47552A4181606420033D224 /* SettingForRuntime.m */ = {isa = PBXFileReference; fileEncoding = 4; lastKnownFileType = sourcecode.c.objc; path = SettingForRuntime.m; sourceTree = "<group>"; };
		A47552A618160E460033D224 /* Mode.h */ = {isa = PBXFileReference; fileEncoding = 4; lastKnownFileType = sourcecode.c.h; name = Mode.h; path = SmartClient/Mode.h; sourceTree = "<group>"; };
		A47552A718160E460033D224 /* Mode.m */ = {isa = PBXFileReference; fileEncoding = 4; lastKnownFileType = sourcecode.c.objc; name = Mode.m; path = SmartClient/Mode.m; sourceTree = "<group>"; };
		A47552A9181610E30033D224 /* Chars.h */ = {isa = PBXFileReference; fileEncoding = 4; lastKnownFileType = sourcecode.c.h; name = Chars.h; path = SmartClient/Chars.h; sourceTree = "<group>"; };
		A47552AA181610E30033D224 /* Chars.m */ = {isa = PBXFileReference; fileEncoding = 4; lastKnownFileType = sourcecode.c.objc; name = Chars.m; path = SmartClient/Chars.m; sourceTree = "<group>"; };
		A47552AC181640D30033D224 /* CharAttribs.h */ = {isa = PBXFileReference; fileEncoding = 4; lastKnownFileType = sourcecode.c.h; name = CharAttribs.h; path = SmartClient/CharAttribs.h; sourceTree = "<group>"; };
		A47552AD181640D30033D224 /* CharAttribs.m */ = {isa = PBXFileReference; fileEncoding = 4; lastKnownFileType = sourcecode.c.objc; name = CharAttribs.m; path = SmartClient/CharAttribs.m; sourceTree = "<group>"; };
		A47552B0181646C30033D224 /* Caret.h */ = {isa = PBXFileReference; fileEncoding = 4; lastKnownFileType = sourcecode.c.h; path = Caret.h; sourceTree = "<group>"; };
		A47552B1181646C30033D224 /* Caret.m */ = {isa = PBXFileReference; fileEncoding = 4; lastKnownFileType = sourcecode.c.objc; path = Caret.m; sourceTree = "<group>"; };
		A47552B3181657E20033D224 /* CaretAttribs.h */ = {isa = PBXFileReference; fileEncoding = 4; lastKnownFileType = sourcecode.c.h; path = CaretAttribs.h; sourceTree = "<group>"; };
		A47552B4181657E20033D224 /* CaretAttribs.m */ = {isa = PBXFileReference; fileEncoding = 4; lastKnownFileType = sourcecode.c.objc; path = CaretAttribs.m; sourceTree = "<group>"; };
		A482E0631823DB5A0056E0C2 /* JMStaticContentTableViewBlocks.h */ = {isa = PBXFileReference; fileEncoding = 4; lastKnownFileType = sourcecode.c.h; path = JMStaticContentTableViewBlocks.h; sourceTree = "<group>"; };
		A482E0641823DB5A0056E0C2 /* JMStaticContentTableViewCell.h */ = {isa = PBXFileReference; fileEncoding = 4; lastKnownFileType = sourcecode.c.h; path = JMStaticContentTableViewCell.h; sourceTree = "<group>"; };
		A482E0651823DB5A0056E0C2 /* JMStaticContentTableViewCell.m */ = {isa = PBXFileReference; fileEncoding = 4; lastKnownFileType = sourcecode.c.objc; path = JMStaticContentTableViewCell.m; sourceTree = "<group>"; };
		A482E0661823DB5A0056E0C2 /* JMStaticContentTableViewController.h */ = {isa = PBXFileReference; fileEncoding = 4; lastKnownFileType = sourcecode.c.h; path = JMStaticContentTableViewController.h; sourceTree = "<group>"; };
		A482E0671823DB5A0056E0C2 /* JMStaticContentTableViewController.m */ = {isa = PBXFileReference; fileEncoding = 4; lastKnownFileType = sourcecode.c.objc; path = JMStaticContentTableViewController.m; sourceTree = "<group>"; };
		A482E0681823DB5A0056E0C2 /* JMStaticContentTableViewSection.h */ = {isa = PBXFileReference; fileEncoding = 4; lastKnownFileType = sourcecode.c.h; path = JMStaticContentTableViewSection.h; sourceTree = "<group>"; };
		A482E0691823DB5A0056E0C2 /* JMStaticContentTableViewSection.m */ = {isa = PBXFileReference; fileEncoding = 4; lastKnownFileType = sourcecode.c.objc; path = JMStaticContentTableViewSection.m; sourceTree = "<group>"; };
		A482E06A1823DB5A0056E0C2 /* JMStaticContentTextFieldTableViewCell.h */ = {isa = PBXFileReference; fileEncoding = 4; lastKnownFileType = sourcecode.c.h; path = JMStaticContentTextFieldTableViewCell.h; sourceTree = "<group>"; };
		A482E06B1823DB5A0056E0C2 /* JMStaticContentTextFieldTableViewCell.m */ = {isa = PBXFileReference; fileEncoding = 4; lastKnownFileType = sourcecode.c.objc; path = JMStaticContentTextFieldTableViewCell.m; sourceTree = "<group>"; };
		A49214BA182CCA4400213154 /* alpha.wav */ = {isa = PBXFileReference; lastKnownFileType = audio.wav; path = alpha.wav; sourceTree = "<group>"; };
		A49214BB182CCA4400213154 /* ascend.wav */ = {isa = PBXFileReference; lastKnownFileType = audio.wav; path = ascend.wav; sourceTree = "<group>"; };
		A49214BC182CCA4500213154 /* color.wav */ = {isa = PBXFileReference; lastKnownFileType = audio.wav; path = color.wav; sourceTree = "<group>"; };
		A49214BD182CCA4500213154 /* confirm.wav */ = {isa = PBXFileReference; lastKnownFileType = audio.wav; path = confirm.wav; sourceTree = "<group>"; };
		A49214BE182CCA4500213154 /* major.wav */ = {isa = PBXFileReference; lastKnownFileType = audio.wav; path = major.wav; sourceTree = "<group>"; };
		A49214BF182CCA4500213154 /* modern.wav */ = {isa = PBXFileReference; lastKnownFileType = audio.wav; path = modern.wav; sourceTree = "<group>"; };
		A49214C0182CCA4500213154 /* vector.wav */ = {isa = PBXFileReference; lastKnownFileType = audio.wav; path = vector.wav; sourceTree = "<group>"; };
		A49214C1182CCA4600213154 /* zeta.wav */ = {isa = PBXFileReference; lastKnownFileType = audio.wav; path = zeta.wav; sourceTree = "<group>"; };
		A49214C2182CCA4600213154 /* zing.wav */ = {isa = PBXFileReference; lastKnownFileType = audio.wav; path = zing.wav; sourceTree = "<group>"; };
		A49214CC182CD06500213154 /* CameraImage.h */ = {isa = PBXFileReference; fileEncoding = 4; lastKnownFileType = sourcecode.c.h; path = CameraImage.h; sourceTree = "<group>"; };
		A49214CD182CD06500213154 /* CameraImage.m */ = {isa = PBXFileReference; fileEncoding = 4; lastKnownFileType = sourcecode.c.objc; path = CameraImage.m; sourceTree = "<group>"; };
		A4A7E1F81829DC17004CE70A /* StringForNSUserDefaults.h */ = {isa = PBXFileReference; lastKnownFileType = sourcecode.c.h; name = StringForNSUserDefaults.h; path = ../StringForNSUserDefaults.h; sourceTree = "<group>"; };
		A4B6E404181E51D300F0A400 /* MessageBox.h */ = {isa = PBXFileReference; fileEncoding = 4; lastKnownFileType = sourcecode.c.h; path = MessageBox.h; sourceTree = "<group>"; };
		A4B6E405181E51D300F0A400 /* MessageBox.m */ = {isa = PBXFileReference; fileEncoding = 4; lastKnownFileType = sourcecode.c.objc; path = MessageBox.m; sourceTree = "<group>"; };
		A4C3F70B1828E75E00CBE658 /* AVFoundation.framework */ = {isa = PBXFileReference; lastKnownFileType = wrapper.framework; name = AVFoundation.framework; path = System/Library/Frameworks/AVFoundation.framework; sourceTree = SDKROOT; };
		A4E591081827681500265F60 /* EditViewController.h */ = {isa = PBXFileReference; fileEncoding = 4; lastKnownFileType = sourcecode.c.h; name = EditViewController.h; path = ../EditViewController.h; sourceTree = "<group>"; };
		A4E591091827681500265F60 /* EditViewController.m */ = {isa = PBXFileReference; fileEncoding = 4; lastKnownFileType = sourcecode.c.objc; name = EditViewController.m; path = ../EditViewController.m; sourceTree = "<group>"; };
		A4E5910F18276B0A00265F60 /* StringInputTableViewCell.h */ = {isa = PBXFileReference; fileEncoding = 4; lastKnownFileType = sourcecode.c.h; name = StringInputTableViewCell.h; path = ../StringInputTableViewCell.h; sourceTree = "<group>"; };
		A4E5911018276B0A00265F60 /* StringInputTableViewCell.m */ = {isa = PBXFileReference; fileEncoding = 4; lastKnownFileType = sourcecode.c.objc; name = StringInputTableViewCell.m; path = ../StringInputTableViewCell.m; sourceTree = "<group>"; };
		A4E5911218278DED00265F60 /* FontSettingViewController.h */ = {isa = PBXFileReference; fileEncoding = 4; lastKnownFileType = sourcecode.c.h; path = FontSettingViewController.h; sourceTree = "<group>"; };
		A4E5911318278DED00265F60 /* FontSettingViewController.m */ = {isa = PBXFileReference; fileEncoding = 4; lastKnownFileType = sourcecode.c.objc; path = FontSettingViewController.m; sourceTree = "<group>"; };
		A4E5911C1827986D00265F60 /* ScreenSettingViewController.h */ = {isa = PBXFileReference; fileEncoding = 4; lastKnownFileType = sourcecode.c.h; path = ScreenSettingViewController.h; sourceTree = "<group>"; };
		A4E5911D1827986D00265F60 /* ScreenSettingViewController.m */ = {isa = PBXFileReference; fileEncoding = 4; lastKnownFileType = sourcecode.c.objc; path = ScreenSettingViewController.m; sourceTree = "<group>"; };
		A4E5911F1827988100265F60 /* SoundSettingViewController.h */ = {isa = PBXFileReference; fileEncoding = 4; lastKnownFileType = sourcecode.c.h; path = SoundSettingViewController.h; sourceTree = "<group>"; };
		A4E591201827988100265F60 /* SoundSettingViewController.m */ = {isa = PBXFileReference; fileEncoding = 4; lastKnownFileType = sourcecode.c.objc; path = SoundSettingViewController.m; sourceTree = "<group>"; };
		A4E591221827989500265F60 /* ScanSettingViewController.h */ = {isa = PBXFileReference; fileEncoding = 4; lastKnownFileType = sourcecode.c.h; path = ScanSettingViewController.h; sourceTree = "<group>"; };
		A4E591231827989500265F60 /* ScanSettingViewController.m */ = {isa = PBXFileReference; fileEncoding = 4; lastKnownFileType = sourcecode.c.objc; path = ScanSettingViewController.m; sourceTree = "<group>"; };
		A4E59125182798EC00265F60 /* OtherSettingViewController.h */ = {isa = PBXFileReference; fileEncoding = 4; lastKnownFileType = sourcecode.c.h; path = OtherSettingViewController.h; sourceTree = "<group>"; };
		A4E59126182798EC00265F60 /* OtherSettingViewController.m */ = {isa = PBXFileReference; fileEncoding = 4; lastKnownFileType = sourcecode.c.objc; path = OtherSettingViewController.m; sourceTree = "<group>"; };
		A4E591281827990100265F60 /* AboutSettingViewController.h */ = {isa = PBXFileReference; fileEncoding = 4; lastKnownFileType = sourcecode.c.h; path = AboutSettingViewController.h; sourceTree = "<group>"; };
		A4E591291827990100265F60 /* AboutSettingViewController.m */ = {isa = PBXFileReference; fileEncoding = 4; lastKnownFileType = sourcecode.c.objc; path = AboutSettingViewController.m; sourceTree = "<group>"; };
/* End PBXFileReference section */

/* Begin PBXFrameworksBuildPhase section */
		A463202D180F80E3000F9C69 /* Frameworks */ = {
			isa = PBXFrameworksBuildPhase;
			buildActionMask = 2147483647;
			files = (
				A470DBA71834657900C7DB1A /* AddressBookUI.framework in Frameworks */,
				A470DBA51834657000C7DB1A /* AddressBook.framework in Frameworks */,
				A470DBA31834656300C7DB1A /* libiconv.dylib in Frameworks */,
				A470DBA11834655200C7DB1A /* CoreVideo.framework in Frameworks */,
				A470DB9F1834654700C7DB1A /* AudioToolbox.framework in Frameworks */,
				A46B626B183459200080AAA4 /* libZXingWidget.a in Frameworks */,
				A4C3F70C1828E75E00CBE658 /* AVFoundation.framework in Frameworks */,
				A463206E180FA4AB000F9C69 /* CFNetwork.framework in Frameworks */,
				A4632036180F80E3000F9C69 /* CoreGraphics.framework in Frameworks */,
				A4632038180F80E3000F9C69 /* UIKit.framework in Frameworks */,
				A4632034180F80E3000F9C69 /* Foundation.framework in Frameworks */,
			);
			runOnlyForDeploymentPostprocessing = 0;
		};
		A4632048180F80E3000F9C69 /* Frameworks */ = {
			isa = PBXFrameworksBuildPhase;
			buildActionMask = 2147483647;
			files = (
				A463204D180F80E3000F9C69 /* XCTest.framework in Frameworks */,
				A463204F180F80E4000F9C69 /* UIKit.framework in Frameworks */,
				A463204E180F80E3000F9C69 /* Foundation.framework in Frameworks */,
			);
			runOnlyForDeploymentPostprocessing = 0;
		};
/* End PBXFrameworksBuildPhase section */

/* Begin PBXGroup section */
		A445505F1823876100BBDDB9 /* ViewController */ = {
			isa = PBXGroup;
			children = (
				A4E591081827681500265F60 /* EditViewController.h */,
				A4E591091827681500265F60 /* EditViewController.m */,
				A4E5910F18276B0A00265F60 /* StringInputTableViewCell.h */,
				A4E5911018276B0A00265F60 /* StringInputTableViewCell.m */,
				A46492EF18224D9700B39E7E /* SmartClinetLeftMenuViewController.h */,
				A46492F018224D9700B39E7E /* SmartClinetLeftMenuViewController.m */,
				A46492F118224D9700B39E7E /* SmartClinetLeftMenuViewController.xib */,
				A4455060182387C200BBDDB9 /* ConnectSettingViewController.h */,
				A4455061182387C200BBDDB9 /* ConnectSettingViewController.m */,
				A4A7E1F81829DC17004CE70A /* StringForNSUserDefaults.h */,
				A4E5911218278DED00265F60 /* FontSettingViewController.h */,
				A4E5911318278DED00265F60 /* FontSettingViewController.m */,
				A4E5911C1827986D00265F60 /* ScreenSettingViewController.h */,
				A4E5911D1827986D00265F60 /* ScreenSettingViewController.m */,
				A4E5911F1827988100265F60 /* SoundSettingViewController.h */,
				A4E591201827988100265F60 /* SoundSettingViewController.m */,
				A4E591221827989500265F60 /* ScanSettingViewController.h */,
				A4E591231827989500265F60 /* ScanSettingViewController.m */,
				A4E59125182798EC00265F60 /* OtherSettingViewController.h */,
				A4E59126182798EC00265F60 /* OtherSettingViewController.m */,
				A4E591281827990100265F60 /* AboutSettingViewController.h */,
				A4E591291827990100265F60 /* AboutSettingViewController.m */,
				A45D2919182A1C7D00EE88AD /* AboutSettingViewController.xib */,
				A4632062180F8114000F9C69 /* SmartClinetViewController.h */,
				A4632063180F8114000F9C69 /* SmartClinetViewController.mm */,
				A4353A0F18331D42006D51FC /* ScanViewController.h */,
				A4353A1018331D42006D51FC /* ScanViewController.m */,
			);
			name = ViewController;
			sourceTree = "<group>";
		};
		A44CB6BE1818E4D7006B5946 /* UI */ = {
			isa = PBXGroup;
			children = (
				A41D4377183078AE00F52597 /* CustomIOS7AlertView.h */,
				A41D4378183078AE00F52597 /* CustomIOS7AlertView.m */,
				A44CB6BF1818E4FE006B5946 /* VTSystemView.h */,
				A44CB6C01818E4FE006B5946 /* VTSystemView.m */,
			);
			name = UI;
			sourceTree = "<group>";
		};
		A4632027180F80E3000F9C69 = {
			isa = PBXGroup;
			children = (
				A44CB6BB1818C862006B5946 /* Functions.h */,
				A44CB6BC1818C862006B5946 /* Functions.m */,
				A463207C180FD152000F9C69 /* DefaultSettings.h */,
				A463207D180FD152000F9C69 /* DefaultSettings.m */,
				A4632039180F80E3000F9C69 /* SmartClient */,
				A4632052180F80E4000F9C69 /* SmartClientTests */,
				A4632032180F80E3000F9C69 /* Frameworks */,
				A4632031180F80E3000F9C69 /* Products */,
			);
			sourceTree = "<group>";
		};
		A4632031180F80E3000F9C69 /* Products */ = {
			isa = PBXGroup;
			children = (
				A4632030180F80E3000F9C69 /* SmartClient.app */,
				A463204B180F80E3000F9C69 /* SmartClientTests.xctest */,
			);
			name = Products;
			sourceTree = "<group>";
		};
		A4632032180F80E3000F9C69 /* Frameworks */ = {
			isa = PBXGroup;
			children = (
				A470DBA61834657900C7DB1A /* AddressBookUI.framework */,
				A470DBA41834657000C7DB1A /* AddressBook.framework */,
				A470DBA21834656300C7DB1A /* libiconv.dylib */,
				A470DBA01834655100C7DB1A /* CoreVideo.framework */,
				A470DB9E1834654700C7DB1A /* AudioToolbox.framework */,
				A46B626A183459200080AAA4 /* libZXingWidget.a */,
				A4C3F70B1828E75E00CBE658 /* AVFoundation.framework */,
				A463206D180FA4AB000F9C69 /* CFNetwork.framework */,
				A4632033180F80E3000F9C69 /* Foundation.framework */,
				A4632035180F80E3000F9C69 /* CoreGraphics.framework */,
				A4632037180F80E3000F9C69 /* UIKit.framework */,
				A463204C180F80E3000F9C69 /* XCTest.framework */,
			);
			name = Frameworks;
			sourceTree = "<group>";
		};
		A4632039180F80E3000F9C69 /* SmartClient */ = {
			isa = PBXGroup;
			children = (
				A463207B180FD0DF000F9C69 /* GCDAsyncSocket */,
				A482E0621823DB5A0056E0C2 /* JMStaticContentTableViewController */,
				A46492C518222B2E00B39E7E /* MMDrawerController */,
				A44CB6BE1818E4D7006B5946 /* UI */,
				A445505F1823876100BBDDB9 /* ViewController */,
				A47552AF1816460E0033D224 /* SmartClientCore */,
				A4632042180F80E3000F9C69 /* SmartClinetAppDelegate.h */,
				A4632043180F80E3000F9C69 /* SmartClinetAppDelegate.m */,
				A43D1FED1810C5F90067FB2B /* ParserMsg.h */,
				A43D1FEE1810C5F90067FB2B /* ParserMsg.m */,
				A47552A3181606420033D224 /* SettingForRuntime.h */,
				A47552A4181606420033D224 /* SettingForRuntime.m */,
				A463207F180FDEBB000F9C69 /* SettingStore.h */,
				A4632080180FDEBB000F9C69 /* SettingStore.m */,
				A4632067180F853B000F9C69 /* SettingForConnect.h */,
				A4632068180F853B000F9C69 /* SettingForConnect.m */,
				A4632045180F80E3000F9C69 /* Images.xcassets */,
				A463203A180F80E3000F9C69 /* Supporting Files */,
			);
			path = SmartClient;
			sourceTree = "<group>";
		};
		A463203A180F80E3000F9C69 /* Supporting Files */ = {
			isa = PBXGroup;
			children = (
				A49214B9182CCA4400213154 /* sound */,
				A45D2925182A259300EE88AD /* Localizable.strings */,
				A463203B180F80E3000F9C69 /* SmartClient-Info.plist */,
				A463203C180F80E3000F9C69 /* InfoPlist.strings */,
				A463203F180F80E3000F9C69 /* main.m */,
				A4632041180F80E3000F9C69 /* SmartClient-Prefix.pch */,
			);
			name = "Supporting Files";
			sourceTree = "<group>";
		};
		A4632052180F80E4000F9C69 /* SmartClientTests */ = {
			isa = PBXGroup;
			children = (
				A4632058180F80E4000F9C69 /* SmartClientTests.m */,
				A4632053180F80E4000F9C69 /* Supporting Files */,
			);
			path = SmartClientTests;
			sourceTree = "<group>";
		};
		A4632053180F80E4000F9C69 /* Supporting Files */ = {
			isa = PBXGroup;
			children = (
				A4632054180F80E4000F9C69 /* SmartClientTests-Info.plist */,
				A4632055180F80E4000F9C69 /* InfoPlist.strings */,
			);
			name = "Supporting Files";
			sourceTree = "<group>";
		};
		A463207B180FD0DF000F9C69 /* GCDAsyncSocket */ = {
			isa = PBXGroup;
			children = (
				A4632075180FB7AD000F9C69 /* GCDAsyncSocket.h */,
				A4632076180FB7AD000F9C69 /* GCDAsyncSocket.m */,
				A4632077180FB7AD000F9C69 /* GCDAsyncUdpSocket.h */,
				A4632078180FB7AD000F9C69 /* GCDAsyncUdpSocket.m */,
			);
			name = GCDAsyncSocket;
			sourceTree = "<group>";
		};
		A46492C518222B2E00B39E7E /* MMDrawerController */ = {
			isa = PBXGroup;
			children = (
				A445505C18233F1B00BBDDB9 /* MMExampleDrawerVisualStateManager.h */,
				A445505D18233F1B00BBDDB9 /* MMExampleDrawerVisualStateManager.m */,
				A46492D918222D5300B39E7E /* MMNavigationController.h */,
				A46492DA18222D5300B39E7E /* MMNavigationController.m */,
				A46492C618222B2E00B39E7E /* MMDrawerBarButtonItem.h */,
				A46492C718222B2E00B39E7E /* MMDrawerBarButtonItem.m */,
				A46492C818222B2E00B39E7E /* MMDrawerController+Subclass.h */,
				A46492C918222B2E00B39E7E /* MMDrawerController.h */,
				A46492CA18222B2E00B39E7E /* MMDrawerController.m */,
				A46492CB18222B2E00B39E7E /* MMDrawerVisualState.h */,
				A46492CC18222B2E00B39E7E /* MMDrawerVisualState.m */,
				A46492CD18222B2E00B39E7E /* UIViewController+MMDrawerController.h */,
				A46492CE18222B2E00B39E7E /* UIViewController+MMDrawerController.m */,
			);
			path = MMDrawerController;
			sourceTree = "<group>";
		};
		A47552AF1816460E0033D224 /* SmartClientCore */ = {
			isa = PBXGroup;
			children = (
				A47552AC181640D30033D224 /* CharAttribs.h */,
				A47552AD181640D30033D224 /* CharAttribs.m */,
				A47552A9181610E30033D224 /* Chars.h */,
				A47552AA181610E30033D224 /* Chars.m */,
				A47552A618160E460033D224 /* Mode.h */,
				A47552A718160E460033D224 /* Mode.m */,
				A47552B0181646C30033D224 /* Caret.h */,
				A47552B1181646C30033D224 /* Caret.m */,
				A47552B3181657E20033D224 /* CaretAttribs.h */,
				A47552B4181657E20033D224 /* CaretAttribs.m */,
				A429C75E181773CD0037666D /* ShowListEventArgs.h */,
				A429C75F181773CD0037666D /* ShowListEventArgs.m */,
				A429C761181775FB0037666D /* StringShowList.h */,
				A429C762181775FB0037666D /* StringShowList.m */,
				A4B6E404181E51D300F0A400 /* MessageBox.h */,
				A4B6E405181E51D300F0A400 /* MessageBox.m */,
				A49214CC182CD06500213154 /* CameraImage.h */,
				A49214CD182CD06500213154 /* CameraImage.m */,
			);
			name = SmartClientCore;
			path = ..;
			sourceTree = "<group>";
		};
		A482E0621823DB5A0056E0C2 /* JMStaticContentTableViewController */ = {
			isa = PBXGroup;
			children = (
				A482E0631823DB5A0056E0C2 /* JMStaticContentTableViewBlocks.h */,
				A482E0641823DB5A0056E0C2 /* JMStaticContentTableViewCell.h */,
				A482E0651823DB5A0056E0C2 /* JMStaticContentTableViewCell.m */,
				A482E0661823DB5A0056E0C2 /* JMStaticContentTableViewController.h */,
				A482E0671823DB5A0056E0C2 /* JMStaticContentTableViewController.m */,
				A482E0681823DB5A0056E0C2 /* JMStaticContentTableViewSection.h */,
				A482E0691823DB5A0056E0C2 /* JMStaticContentTableViewSection.m */,
				A482E06A1823DB5A0056E0C2 /* JMStaticContentTextFieldTableViewCell.h */,
				A482E06B1823DB5A0056E0C2 /* JMStaticContentTextFieldTableViewCell.m */,
			);
			path = JMStaticContentTableViewController;
			sourceTree = "<group>";
		};
		A49214B9182CCA4400213154 /* sound */ = {
			isa = PBXGroup;
			children = (
				A49214BA182CCA4400213154 /* alpha.wav */,
				A49214BB182CCA4400213154 /* ascend.wav */,
				A49214BC182CCA4500213154 /* color.wav */,
				A49214BD182CCA4500213154 /* confirm.wav */,
				A49214BE182CCA4500213154 /* major.wav */,
				A49214BF182CCA4500213154 /* modern.wav */,
				A49214C0182CCA4500213154 /* vector.wav */,
				A49214C1182CCA4600213154 /* zeta.wav */,
				A49214C2182CCA4600213154 /* zing.wav */,
			);
			path = sound;
			sourceTree = "<group>";
		};
/* End PBXGroup section */

/* Begin PBXNativeTarget section */
		A463202F180F80E3000F9C69 /* SmartClient */ = {
			isa = PBXNativeTarget;
			buildConfigurationList = A463205C180F80E4000F9C69 /* Build configuration list for PBXNativeTarget "SmartClient" */;
			buildPhases = (
				A463202C180F80E3000F9C69 /* Sources */,
				A463202D180F80E3000F9C69 /* Frameworks */,
				A463202E180F80E3000F9C69 /* Resources */,
			);
			buildRules = (
			);
			dependencies = (
			);
			name = SmartClient;
			productName = SmartClient;
			productReference = A4632030180F80E3000F9C69 /* SmartClient.app */;
			productType = "com.apple.product-type.application";
		};
		A463204A180F80E3000F9C69 /* SmartClientTests */ = {
			isa = PBXNativeTarget;
			buildConfigurationList = A463205F180F80E4000F9C69 /* Build configuration list for PBXNativeTarget "SmartClientTests" */;
			buildPhases = (
				A4632047180F80E3000F9C69 /* Sources */,
				A4632048180F80E3000F9C69 /* Frameworks */,
				A4632049180F80E3000F9C69 /* Resources */,
			);
			buildRules = (
			);
			dependencies = (
				A4632051180F80E4000F9C69 /* PBXTargetDependency */,
			);
			name = SmartClientTests;
			productName = SmartClientTests;
			productReference = A463204B180F80E3000F9C69 /* SmartClientTests.xctest */;
			productType = "com.apple.product-type.bundle.unit-test";
		};
/* End PBXNativeTarget section */

/* Begin PBXProject section */
		A4632028180F80E3000F9C69 /* Project object */ = {
			isa = PBXProject;
			attributes = {
				CLASSPREFIX = SmartClinet;
				LastUpgradeCheck = 0500;
				ORGANIZATIONNAME = searching;
				TargetAttributes = {
					A463202F180F80E3000F9C69 = {
						DevelopmentTeam = 7MPDWSB26Z;
					};
					A463204A180F80E3000F9C69 = {
						TestTargetID = A463202F180F80E3000F9C69;
					};
				};
			};
			buildConfigurationList = A463202B180F80E3000F9C69 /* Build configuration list for PBXProject "SmartClient" */;
			compatibilityVersion = "Xcode 3.2";
			developmentRegion = English;
			hasScannedForEncodings = 0;
			knownRegions = (
				en,
				"zh-Hans",
				Base,
			);
			mainGroup = A4632027180F80E3000F9C69;
			productRefGroup = A4632031180F80E3000F9C69 /* Products */;
			projectDirPath = "";
			projectRoot = "";
			targets = (
				A463202F180F80E3000F9C69 /* SmartClient */,
				A463204A180F80E3000F9C69 /* SmartClientTests */,
			);
		};
/* End PBXProject section */

/* Begin PBXResourcesBuildPhase section */
		A463202E180F80E3000F9C69 /* Resources */ = {
			isa = PBXResourcesBuildPhase;
			buildActionMask = 2147483647;
			files = (
				A49214CB182CCA4600213154 /* zing.wav in Resources */,
				A49214C5182CCA4600213154 /* color.wav in Resources */,
				A49214C9182CCA4600213154 /* vector.wav in Resources */,
				A49214C6182CCA4600213154 /* confirm.wav in Resources */,
				A49214C7182CCA4600213154 /* major.wav in Resources */,
				A463203E180F80E3000F9C69 /* InfoPlist.strings in Resources */,
				A46492F318224D9700B39E7E /* SmartClinetLeftMenuViewController.xib in Resources */,
				A49214C3182CCA4600213154 /* alpha.wav in Resources */,
				A4632046180F80E3000F9C69 /* Images.xcassets in Resources */,
				A49214CA182CCA4600213154 /* zeta.wav in Resources */,
				A49214C8182CCA4600213154 /* modern.wav in Resources */,
				A49214C4182CCA4600213154 /* ascend.wav in Resources */,
				A45D2927182A259300EE88AD /* Localizable.strings in Resources */,
				A45D2917182A1C7D00EE88AD /* AboutSettingViewController.xib in Resources */,
			);
			runOnlyForDeploymentPostprocessing = 0;
		};
		A4632049180F80E3000F9C69 /* Resources */ = {
			isa = PBXResourcesBuildPhase;
			buildActionMask = 2147483647;
			files = (
				A4632057180F80E4000F9C69 /* InfoPlist.strings in Resources */,
			);
			runOnlyForDeploymentPostprocessing = 0;
		};
/* End PBXResourcesBuildPhase section */

/* Begin PBXSourcesBuildPhase section */
		A463202C180F80E3000F9C69 /* Sources */ = {
			isa = PBXSourcesBuildPhase;
			buildActionMask = 2147483647;
			files = (
				A4353A1218331D43006D51FC /* ScanViewController.m in Sources */,
				A4E591211827988100265F60 /* SoundSettingViewController.m in Sources */,
				A4E5911518278DED00265F60 /* FontSettingViewController.m in Sources */,
				A4632065180F8114000F9C69 /* SmartClinetViewController.mm in Sources */,
				A47552A818160E460033D224 /* Mode.m in Sources */,
				A47552A5181606420033D224 /* SettingForRuntime.m in Sources */,
				A46492DB18222D5300B39E7E /* MMNavigationController.m in Sources */,
				A4E5911E1827986D00265F60 /* ScreenSettingViewController.m in Sources */,
				A46492D218222B2E00B39E7E /* UIViewController+MMDrawerController.m in Sources */,
				A47552AB181610E30033D224 /* Chars.m in Sources */,
				A47552B5181657E20033D224 /* CaretAttribs.m in Sources */,
				A46492F218224D9700B39E7E /* SmartClinetLeftMenuViewController.m in Sources */,
				A482E06F1823DB5A0056E0C2 /* JMStaticContentTextFieldTableViewCell.m in Sources */,
				A41D4379183078AF00F52597 /* CustomIOS7AlertView.m in Sources */,
				A4E591241827989500265F60 /* ScanSettingViewController.m in Sources */,
				A47552AE181640D30033D224 /* CharAttribs.m in Sources */,
				A43D1FEF1810C5F90067FB2B /* ParserMsg.m in Sources */,
				A4E5912B1827990100265F60 /* AboutSettingViewController.m in Sources */,
				A482E06D1823DB5A0056E0C2 /* JMStaticContentTableViewController.m in Sources */,
				A4632079180FB7AD000F9C69 /* GCDAsyncSocket.m in Sources */,
				A429C763181775FB0037666D /* StringShowList.m in Sources */,
				A44CB6BD1818C862006B5946 /* Functions.m in Sources */,
				A47552B2181646C30033D224 /* Caret.m in Sources */,
				A463207E180FD152000F9C69 /* DefaultSettings.m in Sources */,
				A429C760181773CD0037666D /* ShowListEventArgs.m in Sources */,
				A46492D118222B2E00B39E7E /* MMDrawerVisualState.m in Sources */,
				A49214CE182CD06500213154 /* CameraImage.m in Sources */,
				A4E5910B1827681500265F60 /* EditViewController.m in Sources */,
				A46492CF18222B2E00B39E7E /* MMDrawerBarButtonItem.m in Sources */,
				A46492D018222B2E00B39E7E /* MMDrawerController.m in Sources */,
				A4E59127182798EC00265F60 /* OtherSettingViewController.m in Sources */,
				A445505E18233F1B00BBDDB9 /* MMExampleDrawerVisualStateManager.m in Sources */,
				A4E5911118276B0A00265F60 /* StringInputTableViewCell.m in Sources */,
				A4455062182387C200BBDDB9 /* ConnectSettingViewController.m in Sources */,
				A4632069180F853B000F9C69 /* SettingForConnect.m in Sources */,
				A4632081180FDEBB000F9C69 /* SettingStore.m in Sources */,
				A4632040180F80E3000F9C69 /* main.m in Sources */,
				A482E06C1823DB5A0056E0C2 /* JMStaticContentTableViewCell.m in Sources */,
				A463207A180FB7AD000F9C69 /* GCDAsyncUdpSocket.m in Sources */,
				A4B6E406181E51D300F0A400 /* MessageBox.m in Sources */,
				A482E06E1823DB5A0056E0C2 /* JMStaticContentTableViewSection.m in Sources */,
				A44CB6C11818E4FE006B5946 /* VTSystemView.m in Sources */,
				A4632044180F80E3000F9C69 /* SmartClinetAppDelegate.m in Sources */,
			);
			runOnlyForDeploymentPostprocessing = 0;
		};
		A4632047180F80E3000F9C69 /* Sources */ = {
			isa = PBXSourcesBuildPhase;
			buildActionMask = 2147483647;
			files = (
				A4632059180F80E4000F9C69 /* SmartClientTests.m in Sources */,
			);
			runOnlyForDeploymentPostprocessing = 0;
		};
/* End PBXSourcesBuildPhase section */

/* Begin PBXTargetDependency section */
		A4632051180F80E4000F9C69 /* PBXTargetDependency */ = {
			isa = PBXTargetDependency;
			target = A463202F180F80E3000F9C69 /* SmartClient */;
			targetProxy = A4632050180F80E4000F9C69 /* PBXContainerItemProxy */;
		};
/* End PBXTargetDependency section */

/* Begin PBXVariantGroup section */
		A45D2919182A1C7D00EE88AD /* AboutSettingViewController.xib */ = {
			isa = PBXVariantGroup;
			children = (
				A45D2918182A1C7D00EE88AD /* Base */,
				A45D291B182A1C8200EE88AD /* zh-Hans */,
				A45D291D182A1C8200EE88AD /* en */,
			);
			name = AboutSettingViewController.xib;
			sourceTree = "<group>";
		};
		A45D2925182A259300EE88AD /* Localizable.strings */ = {
			isa = PBXVariantGroup;
			children = (
				A45D2926182A259300EE88AD /* zh-Hans */,
				A45D2929182A25B100EE88AD /* en */,
			);
			name = Localizable.strings;
			sourceTree = "<group>";
		};
		A463203C180F80E3000F9C69 /* InfoPlist.strings */ = {
			isa = PBXVariantGroup;
			children = (
				A45B8FF81827A02D0058E43F /* Base */,
			);
			name = InfoPlist.strings;
			sourceTree = "<group>";
		};
		A4632055180F80E4000F9C69 /* InfoPlist.strings */ = {
			isa = PBXVariantGroup;
			children = (
				A4632056180F80E4000F9C69 /* en */,
				A40F734818272E63003D36AF /* zh-Hans */,
			);
			name = InfoPlist.strings;
			sourceTree = "<group>";
		};
/* End PBXVariantGroup section */

/* Begin XCBuildConfiguration section */
		A463205A180F80E4000F9C69 /* Debug */ = {
			isa = XCBuildConfiguration;
			buildSettings = {
				ALWAYS_SEARCH_USER_PATHS = NO;
				ARCHS = "$(ARCHS_STANDARD_INCLUDING_64_BIT)";
				CLANG_CXX_LANGUAGE_STANDARD = "gnu++0x";
				CLANG_CXX_LIBRARY = "libc++";
				CLANG_ENABLE_MODULES = YES;
				CLANG_ENABLE_OBJC_ARC = YES;
				CLANG_WARN_BOOL_CONVERSION = YES;
				CLANG_WARN_CONSTANT_CONVERSION = YES;
				CLANG_WARN_DIRECT_OBJC_ISA_USAGE = YES_ERROR;
				CLANG_WARN_EMPTY_BODY = YES;
				CLANG_WARN_ENUM_CONVERSION = YES;
				CLANG_WARN_INT_CONVERSION = YES;
				CLANG_WARN_OBJC_ROOT_CLASS = YES_ERROR;
				CLANG_WARN__DUPLICATE_METHOD_MATCH = YES;
				CODE_SIGN_IDENTITY = "iPhone Distribution: Carl Chen (7MPDWSB26Z)";
				"CODE_SIGN_IDENTITY[sdk=iphoneos*]" = "iPhone Developer";
				COPY_PHASE_STRIP = NO;
				GCC_C_LANGUAGE_STANDARD = gnu99;
				GCC_DYNAMIC_NO_PIC = NO;
				GCC_OPTIMIZATION_LEVEL = 0;
				GCC_PREPROCESSOR_DEFINITIONS = (
					"DEBUG=1",
					"$(inherited)",
				);
				GCC_SYMBOLS_PRIVATE_EXTERN = NO;
				GCC_WARN_64_TO_32_BIT_CONVERSION = YES;
				GCC_WARN_ABOUT_RETURN_TYPE = YES_ERROR;
				GCC_WARN_UNDECLARED_SELECTOR = YES;
				GCC_WARN_UNINITIALIZED_AUTOS = YES;
				GCC_WARN_UNUSED_FUNCTION = YES;
				GCC_WARN_UNUSED_VARIABLE = YES;
				HEADER_SEARCH_PATHS = (
					"$(inherited)",
					/Applications/Xcode.app/Contents/Developer/Toolchains/XcodeDefault.xctoolchain/usr/include,
					"$(SRCROOT)/zxingLibrary/cpp/core/src",
					"$(SRCROOT)/zxingLibrary/iphone/ZXingWidget/Classes",
				);
				IPHONEOS_DEPLOYMENT_TARGET = 7.0;
				ONLY_ACTIVE_ARCH = YES;
				SDKROOT = iphoneos;
				TARGETED_DEVICE_FAMILY = "1,2";
			};
			name = Debug;
		};
		A463205B180F80E4000F9C69 /* Release */ = {
			isa = XCBuildConfiguration;
			buildSettings = {
				ALWAYS_SEARCH_USER_PATHS = NO;
				ARCHS = "$(ARCHS_STANDARD_INCLUDING_64_BIT)";
				CLANG_CXX_LANGUAGE_STANDARD = "gnu++0x";
				CLANG_CXX_LIBRARY = "libc++";
				CLANG_ENABLE_MODULES = YES;
				CLANG_ENABLE_OBJC_ARC = YES;
				CLANG_WARN_BOOL_CONVERSION = YES;
				CLANG_WARN_CONSTANT_CONVERSION = YES;
				CLANG_WARN_DIRECT_OBJC_ISA_USAGE = YES_ERROR;
				CLANG_WARN_EMPTY_BODY = YES;
				CLANG_WARN_ENUM_CONVERSION = YES;
				CLANG_WARN_INT_CONVERSION = YES;
				CLANG_WARN_OBJC_ROOT_CLASS = YES_ERROR;
				CLANG_WARN__DUPLICATE_METHOD_MATCH = YES;
				CODE_SIGN_IDENTITY = "iPhone Distribution: Carl Chen (7MPDWSB26Z)";
				"CODE_SIGN_IDENTITY[sdk=iphoneos*]" = "iPhone Distribution: Carl Chen (7MPDWSB26Z)";
				COPY_PHASE_STRIP = YES;
				ENABLE_NS_ASSERTIONS = NO;
				GCC_C_LANGUAGE_STANDARD = gnu99;
				GCC_WARN_64_TO_32_BIT_CONVERSION = YES;
				GCC_WARN_ABOUT_RETURN_TYPE = YES_ERROR;
				GCC_WARN_UNDECLARED_SELECTOR = YES;
				GCC_WARN_UNINITIALIZED_AUTOS = YES;
				GCC_WARN_UNUSED_FUNCTION = YES;
				GCC_WARN_UNUSED_VARIABLE = YES;
				HEADER_SEARCH_PATHS = (
					"$(inherited)",
					/Applications/Xcode.app/Contents/Developer/Toolchains/XcodeDefault.xctoolchain/usr/include,
					"$(SRCROOT)/zxingLibrary/cpp/core/src",
					"$(SRCROOT)/zxingLibrary/iphone/ZXingWidget/Classes",
				);
				IPHONEOS_DEPLOYMENT_TARGET = 7.0;
				SDKROOT = iphoneos;
				TARGETED_DEVICE_FAMILY = "1,2";
				VALIDATE_PRODUCT = YES;
			};
			name = Release;
		};
		A463205D180F80E4000F9C69 /* Debug */ = {
			isa = XCBuildConfiguration;
			buildSettings = {
				ARCHS = "$(ARCHS_STANDARD)";
				ASSETCATALOG_COMPILER_APPICON_NAME = AppIcon;
				ASSETCATALOG_COMPILER_LAUNCHIMAGE_NAME = LaunchImage;
				CLANG_CXX_LANGUAGE_STANDARD = "compiler-default";
				CLANG_CXX_LIBRARY = "compiler-default";
				CODE_SIGN_IDENTITY = "iPhone Developer";
				GCC_PRECOMPILE_PREFIX_HEADER = YES;
				GCC_PREFIX_HEADER = "SmartClient/SmartClient-Prefix.pch";
				INFOPLIST_FILE = "SmartClient/SmartClient-Info.plist";
				IPHONEOS_DEPLOYMENT_TARGET = 6.0;
				LIBRARY_SEARCH_PATHS = (
					"$(inherited)",
					/Users/sun/git/smartclient2,
				);
				PRODUCT_NAME = "$(TARGET_NAME)";
				USER_HEADER_SEARCH_PATHS = "${SRCROOT}/**";
				WRAPPER_EXTENSION = app;
			};
			name = Debug;
		};
		A463205E180F80E4000F9C69 /* Release */ = {
			isa = XCBuildConfiguration;
			buildSettings = {
				ARCHS = "$(ARCHS_STANDARD)";
				ASSETCATALOG_COMPILER_APPICON_NAME = AppIcon;
				ASSETCATALOG_COMPILER_LAUNCHIMAGE_NAME = LaunchImage;
				CLANG_CXX_LANGUAGE_STANDARD = "compiler-default";
				CLANG_CXX_LIBRARY = "compiler-default";
				CODE_SIGN_IDENTITY = "iPhone Developer";
				GCC_PRECOMPILE_PREFIX_HEADER = YES;
				GCC_PREFIX_HEADER = "SmartClient/SmartClient-Prefix.pch";
				INFOPLIST_FILE = "SmartClient/SmartClient-Info.plist";
				IPHONEOS_DEPLOYMENT_TARGET = 6.0;
				LIBRARY_SEARCH_PATHS = (
					"$(inherited)",
					/Users/sun/git/smartclient2,
				);
				PRODUCT_NAME = "$(TARGET_NAME)";
				USER_HEADER_SEARCH_PATHS = "${SRCROOT}/**";
				WRAPPER_EXTENSION = app;
			};
			name = Release;
		};
		A4632060180F80E4000F9C69 /* Debug */ = {
			isa = XCBuildConfiguration;
			buildSettings = {
				ARCHS = "$(ARCHS_STANDARD_INCLUDING_64_BIT)";
				BUNDLE_LOADER = "$(BUILT_PRODUCTS_DIR)/SmartClient.app/SmartClient";
				FRAMEWORK_SEARCH_PATHS = (
					"$(SDKROOT)/Developer/Library/Frameworks",
					"$(inherited)",
					"$(DEVELOPER_FRAMEWORKS_DIR)",
				);
				GCC_PRECOMPILE_PREFIX_HEADER = YES;
				GCC_PREFIX_HEADER = "SmartClient/SmartClient-Prefix.pch";
				GCC_PREPROCESSOR_DEFINITIONS = (
					"DEBUG=1",
					"$(inherited)",
				);
				INFOPLIST_FILE = "SmartClientTests/SmartClientTests-Info.plist";
				PRODUCT_NAME = "$(TARGET_NAME)";
				TEST_HOST = "$(BUNDLE_LOADER)";
				WRAPPER_EXTENSION = xctest;
			};
			name = Debug;
		};
		A4632061180F80E4000F9C69 /* Release */ = {
			isa = XCBuildConfiguration;
			buildSettings = {
				ARCHS = "$(ARCHS_STANDARD_INCLUDING_64_BIT)";
				BUNDLE_LOADER = "$(BUILT_PRODUCTS_DIR)/SmartClient.app/SmartClient";
				FRAMEWORK_SEARCH_PATHS = (
					"$(SDKROOT)/Developer/Library/Frameworks",
					"$(inherited)",
					"$(DEVELOPER_FRAMEWORKS_DIR)",
				);
				GCC_PRECOMPILE_PREFIX_HEADER = YES;
				GCC_PREFIX_HEADER = "SmartClient/SmartClient-Prefix.pch";
				INFOPLIST_FILE = "SmartClientTests/SmartClientTests-Info.plist";
				PRODUCT_NAME = "$(TARGET_NAME)";
				TEST_HOST = "$(BUNDLE_LOADER)";
				WRAPPER_EXTENSION = xctest;
			};
			name = Release;
		};
/* End XCBuildConfiguration section */

/* Begin XCConfigurationList section */
		A463202B180F80E3000F9C69 /* Build configuration list for PBXProject "SmartClient" */ = {
			isa = XCConfigurationList;
			buildConfigurations = (
				A463205A180F80E4000F9C69 /* Debug */,
				A463205B180F80E4000F9C69 /* Release */,
			);
			defaultConfigurationIsVisible = 0;
			defaultConfigurationName = Release;
		};
		A463205C180F80E4000F9C69 /* Build configuration list for PBXNativeTarget "SmartClient" */ = {
			isa = XCConfigurationList;
			buildConfigurations = (
				A463205D180F80E4000F9C69 /* Debug */,
				A463205E180F80E4000F9C69 /* Release */,
			);
			defaultConfigurationIsVisible = 0;
			defaultConfigurationName = Release;
		};
		A463205F180F80E4000F9C69 /* Build configuration list for PBXNativeTarget "SmartClientTests" */ = {
			isa = XCConfigurationList;
			buildConfigurations = (
				A4632060180F80E4000F9C69 /* Debug */,
				A4632061180F80E4000F9C69 /* Release */,
			);
			defaultConfigurationIsVisible = 0;
			defaultConfigurationName = Release;
		};
/* End XCConfigurationList section */
	};
	rootObject = A4632028180F80E3000F9C69 /* Project object */;
}
